
Microsoft Visual Studio Solution File, Format Version 12.00
# Visual Studio Version 17
VisualStudioVersion = 17.1.32104.313
MinimumVisualStudioVersion = 10.0.40219.1
Project("{2150E333-8FDC-42A3-9474-1A3956D46DE8}") = "Project", "Project", "{A8C653F0-9815-4238-A744-600D90EB1DD5}"
	ProjectSection(SolutionItems) = preProject
		CHANGELOG.md = CHANGELOG.md
		Readme.MD = Readme.MD
		.github\workflows\Workflow.yml = .github\workflows\Workflow.yml
	EndProjectSection
EndProject
Project("{9A19103F-16F7-4668-BE54-9A1E7A4F7556}") = "RevitAddinManager", "AddInManager\RevitAddinManager.csproj", "{C872CDA2-93F5-4681-BD2F-207EACF83D2E}"
EndProject
Project("{9A19103F-16F7-4668-BE54-9A1E7A4F7556}") = "Installer", "Installer\Installer.csproj", "{E3C87D34-638C-47A0-A73A-D967B119458D}"
EndProject
Project("{9A19103F-16F7-4668-BE54-9A1E7A4F7556}") = "Build", "Build\Build.csproj", "{5016ED6D-5A9A-4F59-AE49-CAA9615798F7}"
EndProject
Project("{9A19103F-16F7-4668-BE54-9A1E7A4F7556}") = "Test", "Test\Test.csproj", "{1661572C-EF3A-4DD6-83BD-CB4239CE8CDD}"
EndProject
Project("{FAE04EC0-301F-11D3-BF4B-00C04F79EFBC}") = "RevitElementBipChecker", "RevitElementBipChecker\RevitElementBipChecker.csproj", "{21460D85-C4AD-49D5-963F-CF13C4AE99EB}"
EndProject
Project("{FAE04EC0-301F-11D3-BF4B-00C04F79EFBC}") = "Test2", "Test2\Test2.csproj", "{DA609427-F086-4C79-A5FA-202DBB5DE48D}"
EndProject
EndProject
EndProject
EndProject
Project("{2150E333-8FDC-42A3-9474-1A3956D46DE8}") = "QuickMsiBuilder", "QuickMsiBuilder", "{85855745-9C5D-2CF8-170D-C467DDE3AA60}"
EndProject
EndProject
EndProject
Project("{2150E333-8FDC-42A3-9474-1A3956D46DE8}") = "QuickMsiBuilder", "QuickMsiBuilder", "{85855745-9C5D-2CF8-170D-C467DDE3AA60}"
EndProject
Project("{FAE04EC0-301F-11D3-BF4B-00C04F79EFBC}") = "QuickMsiBuilder.CLI", "QuickMsiBuilder\QuickMsiBuilder.CLI\QuickMsiBuilder.CLI.csproj", "{24AD6C09-1B63-4700-B337-ED660E96C655}"
EndProject
Project("{FAE04EC0-301F-11D3-BF4B-00C04F79EFBC}") = "QuickMsiBuilder.UI", "QuickMsiBuilder\QuickMsiBuilder.UI\QuickMsiBuilder.UI.csproj", "{C5EE326F-4A51-4F6F-9646-95E10AE26CC1}"
EndProject
Project("{2150E333-8FDC-42A3-9474-1A3956D46DE8}") = "QuickMsiBuilder", "QuickMsiBuilder", "{85855745-9C5D-2CF8-170D-C467DDE3AA60}"
EndProject
Project("{FAE04EC0-301F-11D3-BF4B-00C04F79EFBC}") = "QuickMsiBuilder.CLI", "QuickMsiBuilder\QuickMsiBuilder.CLI\QuickMsiBuilder.CLI.csproj", "{24AD6C09-1B63-4700-B337-ED660E96C655}"
EndProject
Project("{FAE04EC0-301F-11D3-BF4B-00C04F79EFBC}") = "QuickMsiBuilder.UI", "QuickMsiBuilder\QuickMsiBuilder.UI\QuickMsiBuilder.UI.csproj", "{C5EE326F-4A51-4F6F-9646-95E10AE26CC1}"
EndProject
Global
	Project("{2150E333-8FDC-42A3-9474-1A3956D46DE8}") = "QuickMsiBuilder", "QuickMsiBuilder", "{85855745-9C5D-2CF8-170D-C467DDE3AA60}"
EndProject
EndProject
EndProject
Project("{2150E333-8FDC-42A3-9474-1A3956D46DE8}") = "QuickMsiBuilder", "QuickMsiBuilder", "{85855745-9C5D-2CF8-170D-C467DDE3AA60}"
EndProject
Project("{FAE04EC0-301F-11D3-BF4B-00C04F79EFBC}") = "QuickMsiBuilder.CLI", "QuickMsiBuilder\QuickMsiBuilder.CLI\QuickMsiBuilder.CLI.csproj", "{24AD6C09-1B63-4700-B337-ED660E96C655}"
EndProject
Project("{FAE04EC0-301F-11D3-BF4B-00C04F79EFBC}") = "QuickMsiBuilder.UI", "QuickMsiBuilder\QuickMsiBuilder.UI\QuickMsiBuilder.UI.csproj", "{C5EE326F-4A51-4F6F-9646-95E10AE26CC1}"
EndProject
Project("{2150E333-8FDC-42A3-9474-1A3956D46DE8}") = "QuickMsiBuilder", "QuickMsiBuilder", "{85855745-9C5D-2CF8-170D-C467DDE3AA60}"
EndProject
Project("{FAE04EC0-301F-11D3-BF4B-00C04F79EFBC}") = "QuickMsiBuilder.CLI", "QuickMsiBuilder\QuickMsiBuilder.CLI\QuickMsiBuilder.CLI.csproj", "{24AD6C09-1B63-4700-B337-ED660E96C655}"
EndProject
Project("{FAE04EC0-301F-11D3-BF4B-00C04F79EFBC}") = "QuickMsiBuilder.UI", "QuickMsiBuilder\QuickMsiBuilder.UI\QuickMsiBuilder.UI.csproj", "{C5EE326F-4A51-4F6F-9646-95E10AE26CC1}"
EndProject
GlobalSection(SolutionConfigurationPlatforms) = preSolution
		Debug R22|Any CPU = Debug R22|Any CPU
		Debug R22|x64 = Debug R22|x64
		Debug R22|x86 = Debug R22|x86
		Debug R23|Any CPU = Debug R23|Any CPU
		Debug R23|x64 = Debug R23|x64
		Debug R23|x86 = Debug R23|x86
		Debug R24|Any CPU = Debug R24|Any CPU
		Debug R24|x64 = Debug R24|x64
		Debug R24|x86 = Debug R24|x86
		Debug R25|Any CPU = Debug R25|Any CPU
		Debug R25|x64 = Debug R25|x64
		Debug R25|x86 = Debug R25|x86
		Debug R26|Any CPU = Debug R26|Any CPU
		Debug R26|x64 = Debug R26|x64
		Debug R26|x86 = Debug R26|x86
		Debug R27|Any CPU = Debug R27|Any CPU
		Debug R27|x64 = Debug R27|x64
		Debug R27|x86 = Debug R27|x86
		Installer|Any CPU = Installer|Any CPU
		Installer|x64 = Installer|x64
		Installer|x86 = Installer|x86
		Release R19|Any CPU = Release R19|Any CPU
		Release R19|x64 = Release R19|x64
		Release R19|x86 = Release R19|x86
		Release R20|Any CPU = Release R20|Any CPU
		Release R20|x64 = Release R20|x64
		Release R20|x86 = Release R20|x86
		Release R21|Any CPU = Release R21|Any CPU
		Release R21|x64 = Release R21|x64
		Release R21|x86 = Release R21|x86
		Release R22|Any CPU = Release R22|Any CPU
		Release R22|x64 = Release R22|x64
		Release R22|x86 = Release R22|x86
		Release R23|Any CPU = Release R23|Any CPU
		Release R23|x64 = Release R23|x64
		Release R23|x86 = Release R23|x86
		Release R24|Any CPU = Release R24|Any CPU
		Release R24|x64 = Release R24|x64
		Release R24|x86 = Release R24|x86
		Release R25|Any CPU = Release R25|Any CPU
		Release R25|x64 = Release R25|x64
		Release R25|x86 = Release R25|x86
		Release R26|Any CPU = Release R26|Any CPU
		Release R26|x64 = Release R26|x64
		Release R26|x86 = Release R26|x86
		Release R27|Any CPU = Release R27|Any CPU
		Release R27|x64 = Release R27|x64
		Release R27|x86 = Release R27|x86
		Debug|Any CPU = Debug|Any CPU
		Debug|x64 = Debug|x64
		Debug|x86 = Debug|x86
		Release|Any CPU = Release|Any CPU
		Release|x64 = Release|x64
		Release|x86 = Release|x86
	EndProject("{2150E333-8FDC-42A3-9474-1A3956D46DE8}") = "QuickMsiBuilder", "QuickMsiBuilder", "{85855745-9C5D-2CF8-170D-C467DDE3AA60}"
EndProject
EndProject
EndProject
Project("{2150E333-8FDC-42A3-9474-1A3956D46DE8}") = "QuickMsiBuilder", "QuickMsiBuilder", "{85855745-9C5D-2CF8-170D-C467DDE3AA60}"
EndProject
Project("{FAE04EC0-301F-11D3-BF4B-00C04F79EFBC}") = "QuickMsiBuilder.CLI", "QuickMsiBuilder\QuickMsiBuilder.CLI\QuickMsiBuilder.CLI.csproj", "{24AD6C09-1B63-4700-B337-ED660E96C655}"
EndProject
Project("{FAE04EC0-301F-11D3-BF4B-00C04F79EFBC}") = "QuickMsiBuilder.UI", "QuickMsiBuilder\QuickMsiBuilder.UI\QuickMsiBuilder.UI.csproj", "{C5EE326F-4A51-4F6F-9646-95E10AE26CC1}"
EndProject
Project("{2150E333-8FDC-42A3-9474-1A3956D46DE8}") = "QuickMsiBuilder", "QuickMsiBuilder", "{85855745-9C5D-2CF8-170D-C467DDE3AA60}"
EndProject
Project("{FAE04EC0-301F-11D3-BF4B-00C04F79EFBC}") = "QuickMsiBuilder.CLI", "QuickMsiBuilder\QuickMsiBuilder.CLI\QuickMsiBuilder.CLI.csproj", "{24AD6C09-1B63-4700-B337-ED660E96C655}"
EndProject
Project("{FAE04EC0-301F-11D3-BF4B-00C04F79EFBC}") = "QuickMsiBuilder.UI", "QuickMsiBuilder\QuickMsiBuilder.UI\QuickMsiBuilder.UI.csproj", "{C5EE326F-4A51-4F6F-9646-95E10AE26CC1}"
EndProject
GlobalSection
	Project("{2150E333-8FDC-42A3-9474-1A3956D46DE8}") = "QuickMsiBuilder", "QuickMsiBuilder", "{85855745-9C5D-2CF8-170D-C467DDE3AA60}"
EndProject
EndProject
EndProject
Project("{2150E333-8FDC-42A3-9474-1A3956D46DE8}") = "QuickMsiBuilder", "QuickMsiBuilder", "{85855745-9C5D-2CF8-170D-C467DDE3AA60}"
EndProject
Project("{FAE04EC0-301F-11D3-BF4B-00C04F79EFBC}") = "QuickMsiBuilder.CLI", "QuickMsiBuilder\QuickMsiBuilder.CLI\QuickMsiBuilder.CLI.csproj", "{24AD6C09-1B63-4700-B337-ED660E96C655}"
EndProject
Project("{FAE04EC0-301F-11D3-BF4B-00C04F79EFBC}") = "QuickMsiBuilder.UI", "QuickMsiBuilder\QuickMsiBuilder.UI\QuickMsiBuilder.UI.csproj", "{C5EE326F-4A51-4F6F-9646-95E10AE26CC1}"
EndProject
Project("{2150E333-8FDC-42A3-9474-1A3956D46DE8}") = "QuickMsiBuilder", "QuickMsiBuilder", "{85855745-9C5D-2CF8-170D-C467DDE3AA60}"
EndProject
Project("{FAE04EC0-301F-11D3-BF4B-00C04F79EFBC}") = "QuickMsiBuilder.CLI", "QuickMsiBuilder\QuickMsiBuilder.CLI\QuickMsiBuilder.CLI.csproj", "{24AD6C09-1B63-4700-B337-ED660E96C655}"
EndProject
Project("{FAE04EC0-301F-11D3-BF4B-00C04F79EFBC}") = "QuickMsiBuilder.UI", "QuickMsiBuilder\QuickMsiBuilder.UI\QuickMsiBuilder.UI.csproj", "{C5EE326F-4A51-4F6F-9646-95E10AE26CC1}"
EndProject
GlobalSection(ProjectConfigurationPlatforms) = postSolution
		{24AD6C09-1B63-4700-B337-ED660E96C655}.Debug R22|Any CPU.ActiveCfg = Debug|Any CPU
		{24AD6C09-1B63-4700-B337-ED660E96C655}.Debug R22|Any CPU.Build.0 = Debug|Any CPU
		{24AD6C09-1B63-4700-B337-ED660E96C655}.Debug R23|Any CPU.ActiveCfg = Debug|Any CPU
		{24AD6C09-1B63-4700-B337-ED660E96C655}.Debug R23|Any CPU.Build.0 = Debug|Any CPU
		{24AD6C09-1B63-4700-B337-ED660E96C655}.Debug R24|Any CPU.ActiveCfg = Debug|Any CPU
		{24AD6C09-1B63-4700-B337-ED660E96C655}.Debug R24|Any CPU.Build.0 = Debug|Any CPU
		{24AD6C09-1B63-4700-B337-ED660E96C655}.Debug R25|Any CPU.ActiveCfg = Debug|Any CPU
		{24AD6C09-1B63-4700-B337-ED660E96C655}.Debug R25|Any CPU.Build.0 = Debug|Any CPU
		{24AD6C09-1B63-4700-B337-ED660E96C655}.Debug R26|Any CPU.ActiveCfg = Debug|Any CPU
		{24AD6C09-1B63-4700-B337-ED660E96C655}.Debug R26|Any CPU.Build.0 = Debug|Any CPU
		{24AD6C09-1B63-4700-B337-ED660E96C655}.Debug R27|Any CPU.ActiveCfg = Debug|Any CPU
		{24AD6C09-1B63-4700-B337-ED660E96C655}.Debug R27|Any CPU.Build.0 = Debug|Any CPU
		{24AD6C09-1B63-4700-B337-ED660E96C655}.Installer|Any CPU.ActiveCfg = Debug|Any CPU
		{24AD6C09-1B63-4700-B337-ED660E96C655}.Installer|Any CPU.Build.0 = Debug|Any CPU
		{24AD6C09-1B63-4700-B337-ED660E96C655}.Release R19|Any CPU.ActiveCfg = Debug|Any CPU
		{24AD6C09-1B63-4700-B337-ED660E96C655}.Release R19|Any CPU.Build.0 = Debug|Any CPU
		{24AD6C09-1B63-4700-B337-ED660E96C655}.Release R20|Any CPU.ActiveCfg = Debug|Any CPU
		{24AD6C09-1B63-4700-B337-ED660E96C655}.Release R20|Any CPU.Build.0 = Debug|Any CPU
		{24AD6C09-1B63-4700-B337-ED660E96C655}.Release R21|Any CPU.ActiveCfg = Debug|Any CPU
		{24AD6C09-1B63-4700-B337-ED660E96C655}.Release R21|Any CPU.Build.0 = Debug|Any CPU
		{24AD6C09-1B63-4700-B337-ED660E96C655}.Release R22|Any CPU.ActiveCfg = Debug|Any CPU
		{24AD6C09-1B63-4700-B337-ED660E96C655}.Release R22|Any CPU.Build.0 = Debug|Any CPU
		{24AD6C09-1B63-4700-B337-ED660E96C655}.Release R23|Any CPU.ActiveCfg = Debug|Any CPU
		{24AD6C09-1B63-4700-B337-ED660E96C655}.Release R23|Any CPU.Build.0 = Debug|Any CPU
		{24AD6C09-1B63-4700-B337-ED660E96C655}.Release R24|Any CPU.ActiveCfg = Debug|Any CPU
		{24AD6C09-1B63-4700-B337-ED660E96C655}.Release R24|Any CPU.Build.0 = Debug|Any CPU
		{24AD6C09-1B63-4700-B337-ED660E96C655}.Release R25|Any CPU.ActiveCfg = Debug|Any CPU
		{24AD6C09-1B63-4700-B337-ED660E96C655}.Release R25|Any CPU.Build.0 = Debug|Any CPU
		{24AD6C09-1B63-4700-B337-ED660E96C655}.Release R26|Any CPU.ActiveCfg = Debug|Any CPU
		{24AD6C09-1B63-4700-B337-ED660E96C655}.Release R26|Any CPU.Build.0 = Debug|Any CPU
		{24AD6C09-1B63-4700-B337-ED660E96C655}.Release R27|Any CPU.ActiveCfg = Debug|Any CPU
		{24AD6C09-1B63-4700-B337-ED660E96C655}.Release R27|Any CPU.Build.0 = Debug|Any CPU
		{24AD6C09-1B63-4700-B337-ED660E96C655}.Debug|Any CPU.ActiveCfg = Debug|Any CPU
		{24AD6C09-1B63-4700-B337-ED660E96C655}.Debug|Any CPU.Build.0 = Debug|Any CPU
		{24AD6C09-1B63-4700-B337-ED660E96C655}.Release|Any CPU.ActiveCfg = Debug|Any CPU
		{24AD6C09-1B63-4700-B337-ED660E96C655}.Release|Any CPU.Build.0 = Debug|Any CPU
		{C5EE326F-4A51-4F6F-9646-95E10AE26CC1}.Debug R22|Any CPU.ActiveCfg = Debug|Any CPU
		{C5EE326F-4A51-4F6F-9646-95E10AE26CC1}.Debug R22|Any CPU.Build.0 = Debug|Any CPU
		{C5EE326F-4A51-4F6F-9646-95E10AE26CC1}.Debug R23|Any CPU.ActiveCfg = Debug|Any CPU
		{C5EE326F-4A51-4F6F-9646-95E10AE26CC1}.Debug R23|Any CPU.Build.0 = Debug|Any CPU
		{C5EE326F-4A51-4F6F-9646-95E10AE26CC1}.Debug R24|Any CPU.ActiveCfg = Debug|Any CPU
		{C5EE326F-4A51-4F6F-9646-95E10AE26CC1}.Debug R24|Any CPU.Build.0 = Debug|Any CPU
		{C5EE326F-4A51-4F6F-9646-95E10AE26CC1}.Debug R25|Any CPU.ActiveCfg = Debug|Any CPU
		{C5EE326F-4A51-4F6F-9646-95E10AE26CC1}.Debug R25|Any CPU.Build.0 = Debug|Any CPU
		{C5EE326F-4A51-4F6F-9646-95E10AE26CC1}.Debug R26|Any CPU.ActiveCfg = Debug|Any CPU
		{C5EE326F-4A51-4F6F-9646-95E10AE26CC1}.Debug R26|Any CPU.Build.0 = Debug|Any CPU
		{C5EE326F-4A51-4F6F-9646-95E10AE26CC1}.Debug R27|Any CPU.ActiveCfg = Debug|Any CPU
		{C5EE326F-4A51-4F6F-9646-95E10AE26CC1}.Debug R27|Any CPU.Build.0 = Debug|Any CPU
		{C5EE326F-4A51-4F6F-9646-95E10AE26CC1}.Installer|Any CPU.ActiveCfg = Debug|Any CPU
		{C5EE326F-4A51-4F6F-9646-95E10AE26CC1}.Installer|Any CPU.Build.0 = Debug|Any CPU
		{C5EE326F-4A51-4F6F-9646-95E10AE26CC1}.Release R19|Any CPU.ActiveCfg = Debug|Any CPU
		{C5EE326F-4A51-4F6F-9646-95E10AE26CC1}.Release R19|Any CPU.Build.0 = Debug|Any CPU
		{C5EE326F-4A51-4F6F-9646-95E10AE26CC1}.Release R20|Any CPU.ActiveCfg = Debug|Any CPU
		{C5EE326F-4A51-4F6F-9646-95E10AE26CC1}.Release R20|Any CPU.Build.0 = Debug|Any CPU
		{C5EE326F-4A51-4F6F-9646-95E10AE26CC1}.Release R21|Any CPU.ActiveCfg = Debug|Any CPU
		{C5EE326F-4A51-4F6F-9646-95E10AE26CC1}.Release R21|Any CPU.Build.0 = Debug|Any CPU
		{C5EE326F-4A51-4F6F-9646-95E10AE26CC1}.Release R22|Any CPU.ActiveCfg = Debug|Any CPU
		{C5EE326F-4A51-4F6F-9646-95E10AE26CC1}.Release R22|Any CPU.Build.0 = Debug|Any CPU
		{C5EE326F-4A51-4F6F-9646-95E10AE26CC1}.Release R23|Any CPU.ActiveCfg = Debug|Any CPU
		{C5EE326F-4A51-4F6F-9646-95E10AE26CC1}.Release R23|Any CPU.Build.0 = Debug|Any CPU
		{C5EE326F-4A51-4F6F-9646-95E10AE26CC1}.Release R24|Any CPU.ActiveCfg = Debug|Any CPU
		{C5EE326F-4A51-4F6F-9646-95E10AE26CC1}.Release R24|Any CPU.Build.0 = Debug|Any CPU
		{C5EE326F-4A51-4F6F-9646-95E10AE26CC1}.Release R25|Any CPU.ActiveCfg = Debug|Any CPU
		{C5EE326F-4A51-4F6F-9646-95E10AE26CC1}.Release R25|Any CPU.Build.0 = Debug|Any CPU
		{C5EE326F-4A51-4F6F-9646-95E10AE26CC1}.Release R26|Any CPU.ActiveCfg = Debug|Any CPU
		{C5EE326F-4A51-4F6F-9646-95E10AE26CC1}.Release R26|Any CPU.Build.0 = Debug|Any CPU
		{C5EE326F-4A51-4F6F-9646-95E10AE26CC1}.Release R27|Any CPU.ActiveCfg = Debug|Any CPU
		{C5EE326F-4A51-4F6F-9646-95E10AE26CC1}.Release R27|Any CPU.Build.0 = Debug|Any CPU
		{C5EE326F-4A51-4F6F-9646-95E10AE26CC1}.Debug|Any CPU.ActiveCfg = Debug|Any CPU
		{C5EE326F-4A51-4F6F-9646-95E10AE26CC1}.Debug|Any CPU.Build.0 = Debug|Any CPU
		{C5EE326F-4A51-4F6F-9646-95E10AE26CC1}.Release|Any CPU.ActiveCfg = Debug|Any CPU
		{C5EE326F-4A51-4F6F-9646-95E10AE26CC1}.Release|Any CPU.Build.0 = Debug|Any CPU
		{24AD6C09-1B63-4700-B337-ED660E96C655}.Release R25|Any CPU.ActiveCfg = Release|Any CPU
		{24AD6C09-1B63-4700-B337-ED660E96C655}.Release R25|Any CPU.Build.0 = Release|Any CPU
		{C5EE326F-4A51-4F6F-9646-95E10AE26CC1}.Release R25|Any CPU.ActiveCfg = Release|Any CPU
		{C5EE326F-4A51-4F6F-9646-95E10AE26CC1}.Release R25|Any CPU.Build.0 = Release|Any CPU
		{C872CDA2-93F5-4681-BD2F-207EACF83D2E}.Debug R22|Any CPU.ActiveCfg = Debug R22|Any CPU
		{C872CDA2-93F5-4681-BD2F-207EACF83D2E}.Debug R22|Any CPU.Build.0 = Debug R22|Any CPU
		{C872CDA2-93F5-4681-BD2F-207EACF83D2E}.Debug R22|x64.ActiveCfg = Debug R22|Any CPU
		{C872CDA2-93F5-4681-BD2F-207EACF83D2E}.Debug R22|x64.Build.0 = Debug R22|Any CPU
		{C872CDA2-93F5-4681-BD2F-207EACF83D2E}.Debug R22|x86.ActiveCfg = Debug R22|Any CPU
		{C872CDA2-93F5-4681-BD2F-207EACF83D2E}.Debug R22|x86.Build.0 = Debug R22|Any CPU
		{C872CDA2-93F5-4681-BD2F-207EACF83D2E}.Debug R23|Any CPU.ActiveCfg = Debug R23|Any CPU
		{C872CDA2-93F5-4681-BD2F-207EACF83D2E}.Debug R23|Any CPU.Build.0 = Debug R23|Any CPU
		{C872CDA2-93F5-4681-BD2F-207EACF83D2E}.Debug R23|x64.ActiveCfg = Debug R23|Any CPU
		{C872CDA2-93F5-4681-BD2F-207EACF83D2E}.Debug R23|x64.Build.0 = Debug R23|Any CPU
		{C872CDA2-93F5-4681-BD2F-207EACF83D2E}.Debug R23|x86.ActiveCfg = Debug R23|Any CPU
		{C872CDA2-93F5-4681-BD2F-207EACF83D2E}.Debug R23|x86.Build.0 = Debug R23|Any CPU
		{C872CDA2-93F5-4681-BD2F-207EACF83D2E}.Debug R24|Any CPU.ActiveCfg = Debug R24|Any CPU
		{C872CDA2-93F5-4681-BD2F-207EACF83D2E}.Debug R24|Any CPU.Build.0 = Debug R24|Any CPU
		{C872CDA2-93F5-4681-BD2F-207EACF83D2E}.Debug R24|x64.ActiveCfg = Debug R24|Any CPU
		{C872CDA2-93F5-4681-BD2F-207EACF83D2E}.Debug R24|x64.Build.0 = Debug R24|Any CPU
		{C872CDA2-93F5-4681-BD2F-207EACF83D2E}.Debug R24|x86.ActiveCfg = Debug R24|Any CPU
		{C872CDA2-93F5-4681-BD2F-207EACF83D2E}.Debug R24|x86.Build.0 = Debug R24|Any CPU
		{C872CDA2-93F5-4681-BD2F-207EACF83D2E}.Debug R25|Any CPU.ActiveCfg = Debug R25|Any CPU
		{C872CDA2-93F5-4681-BD2F-207EACF83D2E}.Debug R25|Any CPU.Build.0 = Debug R25|Any CPU
		{C872CDA2-93F5-4681-BD2F-207EACF83D2E}.Debug R25|x64.ActiveCfg = Debug R25|Any CPU
		{C872CDA2-93F5-4681-BD2F-207EACF83D2E}.Debug R25|x64.Build.0 = Debug R25|Any CPU
		{C872CDA2-93F5-4681-BD2F-207EACF83D2E}.Debug R25|x86.ActiveCfg = Debug R25|Any CPU
		{C872CDA2-93F5-4681-BD2F-207EACF83D2E}.Debug R25|x86.Build.0 = Debug R25|Any CPU
		{C872CDA2-93F5-4681-BD2F-207EACF83D2E}.Debug R26|Any CPU.ActiveCfg = Debug R26|Any CPU
		{C872CDA2-93F5-4681-BD2F-207EACF83D2E}.Debug R26|Any CPU.Build.0 = Debug R26|Any CPU
		{C872CDA2-93F5-4681-BD2F-207EACF83D2E}.Debug R26|x64.ActiveCfg = Debug R26|Any CPU
		{C872CDA2-93F5-4681-BD2F-207EACF83D2E}.Debug R26|x64.Build.0 = Debug R26|Any CPU
		{C872CDA2-93F5-4681-BD2F-207EACF83D2E}.Debug R26|x86.ActiveCfg = Debug R26|Any CPU
		{C872CDA2-93F5-4681-BD2F-207EACF83D2E}.Debug R26|x86.Build.0 = Debug R26|Any CPU
		{C872CDA2-93F5-4681-BD2F-207EACF83D2E}.Debug R27|Any CPU.ActiveCfg = Debug R27|Any CPU
		{C872CDA2-93F5-4681-BD2F-207EACF83D2E}.Debug R27|Any CPU.Build.0 = Debug R27|Any CPU
		{C872CDA2-93F5-4681-BD2F-207EACF83D2E}.Debug R27|x64.ActiveCfg = Debug R27|Any CPU
		{C872CDA2-93F5-4681-BD2F-207EACF83D2E}.Debug R27|x64.Build.0 = Debug R27|Any CPU
		{C872CDA2-93F5-4681-BD2F-207EACF83D2E}.Debug R27|x86.ActiveCfg = Debug R27|Any CPU
		{C872CDA2-93F5-4681-BD2F-207EACF83D2E}.Debug R27|x86.Build.0 = Debug R27|Any CPU
		{C872CDA2-93F5-4681-BD2F-207EACF83D2E}.Installer|Any CPU.ActiveCfg = Release R22|Any CPU
		{C872CDA2-93F5-4681-BD2F-207EACF83D2E}.Installer|x64.ActiveCfg = Installer|Any CPU
		{C872CDA2-93F5-4681-BD2F-207EACF83D2E}.Installer|x64.Build.0 = Installer|Any CPU
		{C872CDA2-93F5-4681-BD2F-207EACF83D2E}.Installer|x86.ActiveCfg = Installer|Any CPU
		{C872CDA2-93F5-4681-BD2F-207EACF83D2E}.Installer|x86.Build.0 = Installer|Any CPU
		{C872CDA2-93F5-4681-BD2F-207EACF83D2E}.Release R19|Any CPU.ActiveCfg = Release R19|Any CPU
		{C872CDA2-93F5-4681-BD2F-207EACF83D2E}.Release R19|Any CPU.Build.0 = Release R19|Any CPU
		{C872CDA2-93F5-4681-BD2F-207EACF83D2E}.Release R19|x64.ActiveCfg = Release R19|Any CPU
		{C872CDA2-93F5-4681-BD2F-207EACF83D2E}.Release R19|x64.Build.0 = Release R19|Any CPU
		{C872CDA2-93F5-4681-BD2F-207EACF83D2E}.Release R19|x86.ActiveCfg = Release R19|Any CPU
		{C872CDA2-93F5-4681-BD2F-207EACF83D2E}.Release R19|x86.Build.0 = Release R19|Any CPU
		{C872CDA2-93F5-4681-BD2F-207EACF83D2E}.Release R20|Any CPU.ActiveCfg = Release R20|Any CPU
		{C872CDA2-93F5-4681-BD2F-207EACF83D2E}.Release R20|Any CPU.Build.0 = Release R20|Any CPU
		{C872CDA2-93F5-4681-BD2F-207EACF83D2E}.Release R20|x64.ActiveCfg = Release R20|Any CPU
		{C872CDA2-93F5-4681-BD2F-207EACF83D2E}.Release R20|x64.Build.0 = Release R20|Any CPU
		{C872CDA2-93F5-4681-BD2F-207EACF83D2E}.Release R20|x86.ActiveCfg = Release R20|Any CPU
		{C872CDA2-93F5-4681-BD2F-207EACF83D2E}.Release R20|x86.Build.0 = Release R20|Any CPU
		{C872CDA2-93F5-4681-BD2F-207EACF83D2E}.Release R21|Any CPU.ActiveCfg = Release R21|Any CPU
		{C872CDA2-93F5-4681-BD2F-207EACF83D2E}.Release R21|Any CPU.Build.0 = Release R21|Any CPU
		{C872CDA2-93F5-4681-BD2F-207EACF83D2E}.Release R21|x64.ActiveCfg = Release R21|Any CPU
		{C872CDA2-93F5-4681-BD2F-207EACF83D2E}.Release R21|x64.Build.0 = Release R21|Any CPU
		{C872CDA2-93F5-4681-BD2F-207EACF83D2E}.Release R21|x86.ActiveCfg = Release R21|Any CPU
		{C872CDA2-93F5-4681-BD2F-207EACF83D2E}.Release R21|x86.Build.0 = Release R21|Any CPU
		{C872CDA2-93F5-4681-BD2F-207EACF83D2E}.Release R22|Any CPU.ActiveCfg = Release R22|Any CPU
		{C872CDA2-93F5-4681-BD2F-207EACF83D2E}.Release R22|Any CPU.Build.0 = Release R22|Any CPU
		{C872CDA2-93F5-4681-BD2F-207EACF83D2E}.Release R22|x64.ActiveCfg = Release R22|Any CPU
		{C872CDA2-93F5-4681-BD2F-207EACF83D2E}.Release R22|x64.Build.0 = Release R22|Any CPU
		{C872CDA2-93F5-4681-BD2F-207EACF83D2E}.Release R22|x86.ActiveCfg = Release R22|Any CPU
		{C872CDA2-93F5-4681-BD2F-207EACF83D2E}.Release R22|x86.Build.0 = Release R22|Any CPU
		{C872CDA2-93F5-4681-BD2F-207EACF83D2E}.Release R23|Any CPU.ActiveCfg = Release R23|Any CPU
		{C872CDA2-93F5-4681-BD2F-207EACF83D2E}.Release R23|Any CPU.Build.0 = Release R23|Any CPU
		{C872CDA2-93F5-4681-BD2F-207EACF83D2E}.Release R23|x64.ActiveCfg = Release R23|Any CPU
		{C872CDA2-93F5-4681-BD2F-207EACF83D2E}.Release R23|x64.Build.0 = Release R23|Any CPU
		{C872CDA2-93F5-4681-BD2F-207EACF83D2E}.Release R23|x86.ActiveCfg = Release R23|Any CPU
		{C872CDA2-93F5-4681-BD2F-207EACF83D2E}.Release R23|x86.Build.0 = Release R23|Any CPU
		{C872CDA2-93F5-4681-BD2F-207EACF83D2E}.Release R24|Any CPU.ActiveCfg = Release R24|Any CPU
		{C872CDA2-93F5-4681-BD2F-207EACF83D2E}.Release R24|Any CPU.Build.0 = Release R24|Any CPU
		{C872CDA2-93F5-4681-BD2F-207EACF83D2E}.Release R24|x64.ActiveCfg = Release R24|Any CPU
		{C872CDA2-93F5-4681-BD2F-207EACF83D2E}.Release R24|x64.Build.0 = Release R24|Any CPU
		{C872CDA2-93F5-4681-BD2F-207EACF83D2E}.Release R24|x86.ActiveCfg = Release R24|Any CPU
		{C872CDA2-93F5-4681-BD2F-207EACF83D2E}.Release R24|x86.Build.0 = Release R24|Any CPU
		{C872CDA2-93F5-4681-BD2F-207EACF83D2E}.Release R25|Any CPU.ActiveCfg = Release R25|Any CPU
		{C872CDA2-93F5-4681-BD2F-207EACF83D2E}.Release R25|Any CPU.Build.0 = Release R25|Any CPU
		{C872CDA2-93F5-4681-BD2F-207EACF83D2E}.Release R25|x64.ActiveCfg = Release R25|Any CPU
		{C872CDA2-93F5-4681-BD2F-207EACF83D2E}.Release R25|x64.Build.0 = Release R25|Any CPU
		{C872CDA2-93F5-4681-BD2F-207EACF83D2E}.Release R25|x86.ActiveCfg = Release R25|Any CPU
		{C872CDA2-93F5-4681-BD2F-207EACF83D2E}.Release R25|x86.Build.0 = Release R25|Any CPU
		{C872CDA2-93F5-4681-BD2F-207EACF83D2E}.Release R26|Any CPU.ActiveCfg = Release R26|Any CPU
		{C872CDA2-93F5-4681-BD2F-207EACF83D2E}.Release R26|Any CPU.Build.0 = Release R26|Any CPU
		{C872CDA2-93F5-4681-BD2F-207EACF83D2E}.Release R26|x64.ActiveCfg = Release R26|Any CPU
		{C872CDA2-93F5-4681-BD2F-207EACF83D2E}.Release R26|x64.Build.0 = Release R26|Any CPU
		{C872CDA2-93F5-4681-BD2F-207EACF83D2E}.Release R26|x86.ActiveCfg = Release R26|Any CPU
		{C872CDA2-93F5-4681-BD2F-207EACF83D2E}.Release R26|x86.Build.0 = Release R26|Any CPU
		{C872CDA2-93F5-4681-BD2F-207EACF83D2E}.Release R27|Any CPU.ActiveCfg = Release R27|Any CPU
		{C872CDA2-93F5-4681-BD2F-207EACF83D2E}.Release R27|Any CPU.Build.0 = Release R27|Any CPU
		{C872CDA2-93F5-4681-BD2F-207EACF83D2E}.Release R27|x64.ActiveCfg = Release R27|Any CPU
		{C872CDA2-93F5-4681-BD2F-207EACF83D2E}.Release R27|x64.Build.0 = Release R27|Any CPU
		{C872CDA2-93F5-4681-BD2F-207EACF83D2E}.Release R27|x86.ActiveCfg = Release R27|Any CPU
		{C872CDA2-93F5-4681-BD2F-207EACF83D2E}.Release R27|x86.Build.0 = Release R27|Any CPU
		{C872CDA2-93F5-4681-BD2F-207EACF83D2E}.Debug|Any CPU.ActiveCfg = Debug|Any CPU
		{C872CDA2-93F5-4681-BD2F-207EACF83D2E}.Debug|Any CPU.Build.0 = Debug|Any CPU
		{C872CDA2-93F5-4681-BD2F-207EACF83D2E}.Debug|x64.ActiveCfg = Debug|Any CPU
		{C872CDA2-93F5-4681-BD2F-207EACF83D2E}.Debug|x64.Build.0 = Debug|Any CPU
		{C872CDA2-93F5-4681-BD2F-207EACF83D2E}.Debug|x86.ActiveCfg = Debug|Any CPU
		{C872CDA2-93F5-4681-BD2F-207EACF83D2E}.Debug|x86.Build.0 = Debug|Any CPU
		{C872CDA2-93F5-4681-BD2F-207EACF83D2E}.Release|Any CPU.ActiveCfg = Release|Any CPU
		{C872CDA2-93F5-4681-BD2F-207EACF83D2E}.Release|Any CPU.Build.0 = Release|Any CPU
		{C872CDA2-93F5-4681-BD2F-207EACF83D2E}.Release|x64.ActiveCfg = Release|Any CPU
		{C872CDA2-93F5-4681-BD2F-207EACF83D2E}.Release|x64.Build.0 = Release|Any CPU
		{C872CDA2-93F5-4681-BD2F-207EACF83D2E}.Release|x86.ActiveCfg = Release|Any CPU
		{C872CDA2-93F5-4681-BD2F-207EACF83D2E}.Release|x86.Build.0 = Release|Any CPU
		{E3C87D34-638C-47A0-A73A-D967B119458D}.Debug R22|Any CPU.ActiveCfg = Debug|Any CPU
		{E3C87D34-638C-47A0-A73A-D967B119458D}.Debug R22|x64.ActiveCfg = Debug R22|Any CPU
		{E3C87D34-638C-47A0-A73A-D967B119458D}.Debug R22|x64.Build.0 = Debug R22|Any CPU
		{E3C87D34-638C-47A0-A73A-D967B119458D}.Debug R22|x86.ActiveCfg = Debug R22|Any CPU
		{E3C87D34-638C-47A0-A73A-D967B119458D}.Debug R22|x86.Build.0 = Debug R22|Any CPU
		{E3C87D34-638C-47A0-A73A-D967B119458D}.Debug R23|Any CPU.ActiveCfg = Debug|Any CPU
		{E3C87D34-638C-47A0-A73A-D967B119458D}.Debug R23|x64.ActiveCfg = Debug R23|Any CPU
		{E3C87D34-638C-47A0-A73A-D967B119458D}.Debug R23|x64.Build.0 = Debug R23|Any CPU
		{E3C87D34-638C-47A0-A73A-D967B119458D}.Debug R23|x86.ActiveCfg = Debug R23|Any CPU
		{E3C87D34-638C-47A0-A73A-D967B119458D}.Debug R23|x86.Build.0 = Debug R23|Any CPU
		{E3C87D34-638C-47A0-A73A-D967B119458D}.Debug R24|Any CPU.ActiveCfg = Debug|Any CPU
		{E3C87D34-638C-47A0-A73A-D967B119458D}.Debug R24|x64.ActiveCfg = Debug R24|Any CPU
		{E3C87D34-638C-47A0-A73A-D967B119458D}.Debug R24|x64.Build.0 = Debug R24|Any CPU
		{E3C87D34-638C-47A0-A73A-D967B119458D}.Debug R24|x86.ActiveCfg = Debug R24|Any CPU
		{E3C87D34-638C-47A0-A73A-D967B119458D}.Debug R24|x86.Build.0 = Debug R24|Any CPU
		{E3C87D34-638C-47A0-A73A-D967B119458D}.Debug R25|Any CPU.ActiveCfg = Debug|Any CPU
		{E3C87D34-638C-47A0-A73A-D967B119458D}.Debug R25|x64.ActiveCfg = Debug R25|Any CPU
		{E3C87D34-638C-47A0-A73A-D967B119458D}.Debug R25|x64.Build.0 = Debug R25|Any CPU
		{E3C87D34-638C-47A0-A73A-D967B119458D}.Debug R25|x86.ActiveCfg = Debug R25|Any CPU
		{E3C87D34-638C-47A0-A73A-D967B119458D}.Debug R25|x86.Build.0 = Debug R25|Any CPU
		{E3C87D34-638C-47A0-A73A-D967B119458D}.Debug R26|Any CPU.ActiveCfg = Debug|Any CPU
		{E3C87D34-638C-47A0-A73A-D967B119458D}.Debug R26|x64.ActiveCfg = Debug R26|Any CPU
		{E3C87D34-638C-47A0-A73A-D967B119458D}.Debug R26|x64.Build.0 = Debug R26|Any CPU
		{E3C87D34-638C-47A0-A73A-D967B119458D}.Debug R26|x86.ActiveCfg = Debug R26|Any CPU
		{E3C87D34-638C-47A0-A73A-D967B119458D}.Debug R26|x86.Build.0 = Debug R26|Any CPU
		{E3C87D34-638C-47A0-A73A-D967B119458D}.Debug R27|Any CPU.ActiveCfg = Debug|Any CPU
		{E3C87D34-638C-47A0-A73A-D967B119458D}.Debug R27|x64.ActiveCfg = Debug R27|Any CPU
		{E3C87D34-638C-47A0-A73A-D967B119458D}.Debug R27|x64.Build.0 = Debug R27|Any CPU
		{E3C87D34-638C-47A0-A73A-D967B119458D}.Debug R27|x86.ActiveCfg = Debug R27|Any CPU
		{E3C87D34-638C-47A0-A73A-D967B119458D}.Debug R27|x86.Build.0 = Debug R27|Any CPU
		{E3C87D34-638C-47A0-A73A-D967B119458D}.Installer|Any CPU.ActiveCfg = Release|Any CPU
		{E3C87D34-638C-47A0-A73A-D967B119458D}.Installer|Any CPU.Build.0 = Release|Any CPU
		{E3C87D34-638C-47A0-A73A-D967B119458D}.Installer|x64.ActiveCfg = Installer|Any CPU
		{E3C87D34-638C-47A0-A73A-D967B119458D}.Installer|x64.Build.0 = Installer|Any CPU
		{E3C87D34-638C-47A0-A73A-D967B119458D}.Installer|x86.ActiveCfg = Installer|Any CPU
		{E3C87D34-638C-47A0-A73A-D967B119458D}.Installer|x86.Build.0 = Installer|Any CPU
		{E3C87D34-638C-47A0-A73A-D967B119458D}.Release R19|Any CPU.ActiveCfg = Release|Any CPU
		{E3C87D34-638C-47A0-A73A-D967B119458D}.Release R19|x64.ActiveCfg = Release R19|Any CPU
		{E3C87D34-638C-47A0-A73A-D967B119458D}.Release R19|x64.Build.0 = Release R19|Any CPU
		{E3C87D34-638C-47A0-A73A-D967B119458D}.Release R19|x86.ActiveCfg = Release R19|Any CPU
		{E3C87D34-638C-47A0-A73A-D967B119458D}.Release R19|x86.Build.0 = Release R19|Any CPU
		{E3C87D34-638C-47A0-A73A-D967B119458D}.Release R20|Any CPU.ActiveCfg = Release|Any CPU
		{E3C87D34-638C-47A0-A73A-D967B119458D}.Release R20|x64.ActiveCfg = Release R20|Any CPU
		{E3C87D34-638C-47A0-A73A-D967B119458D}.Release R20|x64.Build.0 = Release R20|Any CPU
		{E3C87D34-638C-47A0-A73A-D967B119458D}.Release R20|x86.ActiveCfg = Release R20|Any CPU
		{E3C87D34-638C-47A0-A73A-D967B119458D}.Release R20|x86.Build.0 = Release R20|Any CPU
		{E3C87D34-638C-47A0-A73A-D967B119458D}.Release R21|Any CPU.ActiveCfg = Release|Any CPU
		{E3C87D34-638C-47A0-A73A-D967B119458D}.Release R21|x64.ActiveCfg = Release R21|Any CPU
		{E3C87D34-638C-47A0-A73A-D967B119458D}.Release R21|x64.Build.0 = Release R21|Any CPU
		{E3C87D34-638C-47A0-A73A-D967B119458D}.Release R21|x86.ActiveCfg = Release R21|Any CPU
		{E3C87D34-638C-47A0-A73A-D967B119458D}.Release R21|x86.Build.0 = Release R21|Any CPU
		{E3C87D34-638C-47A0-A73A-D967B119458D}.Release R22|Any CPU.ActiveCfg = Release|Any CPU
		{E3C87D34-638C-47A0-A73A-D967B119458D}.Release R22|x64.ActiveCfg = Release R22|Any CPU
		{E3C87D34-638C-47A0-A73A-D967B119458D}.Release R22|x64.Build.0 = Release R22|Any CPU
		{E3C87D34-638C-47A0-A73A-D967B119458D}.Release R22|x86.ActiveCfg = Release R22|Any CPU
		{E3C87D34-638C-47A0-A73A-D967B119458D}.Release R22|x86.Build.0 = Release R22|Any CPU
		{E3C87D34-638C-47A0-A73A-D967B119458D}.Release R23|Any CPU.ActiveCfg = Release|Any CPU
		{E3C87D34-638C-47A0-A73A-D967B119458D}.Release R23|x64.ActiveCfg = Release R23|Any CPU
		{E3C87D34-638C-47A0-A73A-D967B119458D}.Release R23|x64.Build.0 = Release R23|Any CPU
		{E3C87D34-638C-47A0-A73A-D967B119458D}.Release R23|x86.ActiveCfg = Release R23|Any CPU
		{E3C87D34-638C-47A0-A73A-D967B119458D}.Release R23|x86.Build.0 = Release R23|Any CPU
		{E3C87D34-638C-47A0-A73A-D967B119458D}.Release R24|Any CPU.ActiveCfg = Release|Any CPU
		{E3C87D34-638C-47A0-A73A-D967B119458D}.Release R24|x64.ActiveCfg = Release R24|Any CPU
		{E3C87D34-638C-47A0-A73A-D967B119458D}.Release R24|x64.Build.0 = Release R24|Any CPU
		{E3C87D34-638C-47A0-A73A-D967B119458D}.Release R24|x86.ActiveCfg = Release R24|Any CPU
		{E3C87D34-638C-47A0-A73A-D967B119458D}.Release R24|x86.Build.0 = Release R24|Any CPU
		{E3C87D34-638C-47A0-A73A-D967B119458D}.Release R25|Any CPU.ActiveCfg = Release|Any CPU
		{E3C87D34-638C-47A0-A73A-D967B119458D}.Release R25|x64.ActiveCfg = Release R25|Any CPU
		{E3C87D34-638C-47A0-A73A-D967B119458D}.Release R25|x64.Build.0 = Release R25|Any CPU
		{E3C87D34-638C-47A0-A73A-D967B119458D}.Release R25|x86.ActiveCfg = Release R25|Any CPU
		{E3C87D34-638C-47A0-A73A-D967B119458D}.Release R25|x86.Build.0 = Release R25|Any CPU
		{E3C87D34-638C-47A0-A73A-D967B119458D}.Release R26|Any CPU.ActiveCfg = Release|Any CPU
		{E3C87D34-638C-47A0-A73A-D967B119458D}.Release R26|x64.ActiveCfg = Release R26|Any CPU
		{E3C87D34-638C-47A0-A73A-D967B119458D}.Release R26|x64.Build.0 = Release R26|Any CPU
		{E3C87D34-638C-47A0-A73A-D967B119458D}.Release R26|x86.ActiveCfg = Release R26|Any CPU
		{E3C87D34-638C-47A0-A73A-D967B119458D}.Release R26|x86.Build.0 = Release R26|Any CPU
		{E3C87D34-638C-47A0-A73A-D967B119458D}.Release R27|Any CPU.ActiveCfg = Release|Any CPU
		{E3C87D34-638C-47A0-A73A-D967B119458D}.Release R27|x64.ActiveCfg = Release R27|Any CPU
		{E3C87D34-638C-47A0-A73A-D967B119458D}.Release R27|x64.Build.0 = Release R27|Any CPU
		{E3C87D34-638C-47A0-A73A-D967B119458D}.Release R27|x86.ActiveCfg = Release R27|Any CPU
		{E3C87D34-638C-47A0-A73A-D967B119458D}.Release R27|x86.Build.0 = Release R27|Any CPU
		{E3C87D34-638C-47A0-A73A-D967B119458D}.Debug|Any CPU.ActiveCfg = Debug|Any CPU
		{E3C87D34-638C-47A0-A73A-D967B119458D}.Debug|Any CPU.Build.0 = Debug|Any CPU
		{E3C87D34-638C-47A0-A73A-D967B119458D}.Debug|x64.ActiveCfg = Debug|Any CPU
		{E3C87D34-638C-47A0-A73A-D967B119458D}.Debug|x64.Build.0 = Debug|Any CPU
		{E3C87D34-638C-47A0-A73A-D967B119458D}.Debug|x86.ActiveCfg = Debug|Any CPU
		{E3C87D34-638C-47A0-A73A-D967B119458D}.Debug|x86.Build.0 = Debug|Any CPU
		{E3C87D34-638C-47A0-A73A-D967B119458D}.Release|Any CPU.ActiveCfg = Release|Any CPU
		{E3C87D34-638C-47A0-A73A-D967B119458D}.Release|Any CPU.Build.0 = Release|Any CPU
		{E3C87D34-638C-47A0-A73A-D967B119458D}.Release|x64.ActiveCfg = Release|Any CPU
		{E3C87D34-638C-47A0-A73A-D967B119458D}.Release|x64.Build.0 = Release|Any CPU
		{E3C87D34-638C-47A0-A73A-D967B119458D}.Release|x86.ActiveCfg = Release|Any CPU
		{E3C87D34-638C-47A0-A73A-D967B119458D}.Release|x86.Build.0 = Release|Any CPU
		{5016ED6D-5A9A-4F59-AE49-CAA9615798F7}.Debug R22|Any CPU.ActiveCfg = Debug|Any CPU
		{5016ED6D-5A9A-4F59-AE49-CAA9615798F7}.Debug R22|x64.ActiveCfg = Debug R22|Any CPU
		{5016ED6D-5A9A-4F59-AE49-CAA9615798F7}.Debug R22|x64.Build.0 = Debug R22|Any CPU
		{5016ED6D-5A9A-4F59-AE49-CAA9615798F7}.Debug R22|x86.ActiveCfg = Debug R22|Any CPU
		{5016ED6D-5A9A-4F59-AE49-CAA9615798F7}.Debug R22|x86.Build.0 = Debug R22|Any CPU
		{5016ED6D-5A9A-4F59-AE49-CAA9615798F7}.Debug R23|Any CPU.ActiveCfg = Debug|Any CPU
		{5016ED6D-5A9A-4F59-AE49-CAA9615798F7}.Debug R23|x64.ActiveCfg = Debug R23|Any CPU
		{5016ED6D-5A9A-4F59-AE49-CAA9615798F7}.Debug R23|x64.Build.0 = Debug R23|Any CPU
		{5016ED6D-5A9A-4F59-AE49-CAA9615798F7}.Debug R23|x86.ActiveCfg = Debug R23|Any CPU
		{5016ED6D-5A9A-4F59-AE49-CAA9615798F7}.Debug R23|x86.Build.0 = Debug R23|Any CPU
		{5016ED6D-5A9A-4F59-AE49-CAA9615798F7}.Debug R24|Any CPU.ActiveCfg = Debug|Any CPU
		{5016ED6D-5A9A-4F59-AE49-CAA9615798F7}.Debug R24|x64.ActiveCfg = Debug R24|Any CPU
		{5016ED6D-5A9A-4F59-AE49-CAA9615798F7}.Debug R24|x64.Build.0 = Debug R24|Any CPU
		{5016ED6D-5A9A-4F59-AE49-CAA9615798F7}.Debug R24|x86.ActiveCfg = Debug R24|Any CPU
		{5016ED6D-5A9A-4F59-AE49-CAA9615798F7}.Debug R24|x86.Build.0 = Debug R24|Any CPU
		{5016ED6D-5A9A-4F59-AE49-CAA9615798F7}.Debug R25|Any CPU.ActiveCfg = Debug|Any CPU
		{5016ED6D-5A9A-4F59-AE49-CAA9615798F7}.Debug R25|x64.ActiveCfg = Debug R25|Any CPU
		{5016ED6D-5A9A-4F59-AE49-CAA9615798F7}.Debug R25|x64.Build.0 = Debug R25|Any CPU
		{5016ED6D-5A9A-4F59-AE49-CAA9615798F7}.Debug R25|x86.ActiveCfg = Debug R25|Any CPU
		{5016ED6D-5A9A-4F59-AE49-CAA9615798F7}.Debug R25|x86.Build.0 = Debug R25|Any CPU
		{5016ED6D-5A9A-4F59-AE49-CAA9615798F7}.Debug R26|Any CPU.ActiveCfg = Debug|Any CPU
		{5016ED6D-5A9A-4F59-AE49-CAA9615798F7}.Debug R26|x64.ActiveCfg = Debug R26|Any CPU
		{5016ED6D-5A9A-4F59-AE49-CAA9615798F7}.Debug R26|x64.Build.0 = Debug R26|Any CPU
		{5016ED6D-5A9A-4F59-AE49-CAA9615798F7}.Debug R26|x86.ActiveCfg = Debug R26|Any CPU
		{5016ED6D-5A9A-4F59-AE49-CAA9615798F7}.Debug R26|x86.Build.0 = Debug R26|Any CPU
		{5016ED6D-5A9A-4F59-AE49-CAA9615798F7}.Debug R27|Any CPU.ActiveCfg = Debug|Any CPU
		{5016ED6D-5A9A-4F59-AE49-CAA9615798F7}.Debug R27|x64.ActiveCfg = Debug R27|Any CPU
		{5016ED6D-5A9A-4F59-AE49-CAA9615798F7}.Debug R27|x64.Build.0 = Debug R27|Any CPU
		{5016ED6D-5A9A-4F59-AE49-CAA9615798F7}.Debug R27|x86.ActiveCfg = Debug R27|Any CPU
		{5016ED6D-5A9A-4F59-AE49-CAA9615798F7}.Debug R27|x86.Build.0 = Debug R27|Any CPU
		{5016ED6D-5A9A-4F59-AE49-CAA9615798F7}.Installer|Any CPU.ActiveCfg = Release|Any CPU
		{5016ED6D-5A9A-4F59-AE49-CAA9615798F7}.Installer|x64.ActiveCfg = Installer|Any CPU
		{5016ED6D-5A9A-4F59-AE49-CAA9615798F7}.Installer|x64.Build.0 = Installer|Any CPU
		{5016ED6D-5A9A-4F59-AE49-CAA9615798F7}.Installer|x86.ActiveCfg = Installer|Any CPU
		{5016ED6D-5A9A-4F59-AE49-CAA9615798F7}.Installer|x86.Build.0 = Installer|Any CPU
		{5016ED6D-5A9A-4F59-AE49-CAA9615798F7}.Release R19|Any CPU.ActiveCfg = Release|Any CPU
		{5016ED6D-5A9A-4F59-AE49-CAA9615798F7}.Release R19|x64.ActiveCfg = Release R19|Any CPU
		{5016ED6D-5A9A-4F59-AE49-CAA9615798F7}.Release R19|x64.Build.0 = Release R19|Any CPU
		{5016ED6D-5A9A-4F59-AE49-CAA9615798F7}.Release R19|x86.ActiveCfg = Release R19|Any CPU
		{5016ED6D-5A9A-4F59-AE49-CAA9615798F7}.Release R19|x86.Build.0 = Release R19|Any CPU
		{5016ED6D-5A9A-4F59-AE49-CAA9615798F7}.Release R20|Any CPU.ActiveCfg = Release|Any CPU
		{5016ED6D-5A9A-4F59-AE49-CAA9615798F7}.Release R20|x64.ActiveCfg = Release R20|Any CPU
		{5016ED6D-5A9A-4F59-AE49-CAA9615798F7}.Release R20|x64.Build.0 = Release R20|Any CPU
		{5016ED6D-5A9A-4F59-AE49-CAA9615798F7}.Release R20|x86.ActiveCfg = Release R20|Any CPU
		{5016ED6D-5A9A-4F59-AE49-CAA9615798F7}.Release R20|x86.Build.0 = Release R20|Any CPU
		{5016ED6D-5A9A-4F59-AE49-CAA9615798F7}.Release R21|Any CPU.ActiveCfg = Release|Any CPU
		{5016ED6D-5A9A-4F59-AE49-CAA9615798F7}.Release R21|x64.ActiveCfg = Release R21|Any CPU
		{5016ED6D-5A9A-4F59-AE49-CAA9615798F7}.Release R21|x64.Build.0 = Release R21|Any CPU
		{5016ED6D-5A9A-4F59-AE49-CAA9615798F7}.Release R21|x86.ActiveCfg = Release R21|Any CPU
		{5016ED6D-5A9A-4F59-AE49-CAA9615798F7}.Release R21|x86.Build.0 = Release R21|Any CPU
		{5016ED6D-5A9A-4F59-AE49-CAA9615798F7}.Release R22|Any CPU.ActiveCfg = Release|Any CPU
		{5016ED6D-5A9A-4F59-AE49-CAA9615798F7}.Release R22|x64.ActiveCfg = Release R22|Any CPU
		{5016ED6D-5A9A-4F59-AE49-CAA9615798F7}.Release R22|x64.Build.0 = Release R22|Any CPU
		{5016ED6D-5A9A-4F59-AE49-CAA9615798F7}.Release R22|x86.ActiveCfg = Release R22|Any CPU
		{5016ED6D-5A9A-4F59-AE49-CAA9615798F7}.Release R22|x86.Build.0 = Release R22|Any CPU
		{5016ED6D-5A9A-4F59-AE49-CAA9615798F7}.Release R23|Any CPU.ActiveCfg = Release|Any CPU
		{5016ED6D-5A9A-4F59-AE49-CAA9615798F7}.Release R23|x64.ActiveCfg = Release R23|Any CPU
		{5016ED6D-5A9A-4F59-AE49-CAA9615798F7}.Release R23|x64.Build.0 = Release R23|Any CPU
		{5016ED6D-5A9A-4F59-AE49-CAA9615798F7}.Release R23|x86.ActiveCfg = Release R23|Any CPU
		{5016ED6D-5A9A-4F59-AE49-CAA9615798F7}.Release R23|x86.Build.0 = Release R23|Any CPU
		{5016ED6D-5A9A-4F59-AE49-CAA9615798F7}.Release R24|Any CPU.ActiveCfg = Release|Any CPU
		{5016ED6D-5A9A-4F59-AE49-CAA9615798F7}.Release R24|x64.ActiveCfg = Release R24|Any CPU
		{5016ED6D-5A9A-4F59-AE49-CAA9615798F7}.Release R24|x64.Build.0 = Release R24|Any CPU
		{5016ED6D-5A9A-4F59-AE49-CAA9615798F7}.Release R24|x86.ActiveCfg = Release R24|Any CPU
		{5016ED6D-5A9A-4F59-AE49-CAA9615798F7}.Release R24|x86.Build.0 = Release R24|Any CPU
		{5016ED6D-5A9A-4F59-AE49-CAA9615798F7}.Release R25|Any CPU.ActiveCfg = Release|Any CPU
		{5016ED6D-5A9A-4F59-AE49-CAA9615798F7}.Release R25|x64.ActiveCfg = Release R25|Any CPU
		{5016ED6D-5A9A-4F59-AE49-CAA9615798F7}.Release R25|x64.Build.0 = Release R25|Any CPU
		{5016ED6D-5A9A-4F59-AE49-CAA9615798F7}.Release R25|x86.ActiveCfg = Release R25|Any CPU
		{5016ED6D-5A9A-4F59-AE49-CAA9615798F7}.Release R25|x86.Build.0 = Release R25|Any CPU
		{5016ED6D-5A9A-4F59-AE49-CAA9615798F7}.Release R26|Any CPU.ActiveCfg = Release|Any CPU
		{5016ED6D-5A9A-4F59-AE49-CAA9615798F7}.Release R26|x64.ActiveCfg = Release R26|Any CPU
		{5016ED6D-5A9A-4F59-AE49-CAA9615798F7}.Release R26|x64.Build.0 = Release R26|Any CPU
		{5016ED6D-5A9A-4F59-AE49-CAA9615798F7}.Release R26|x86.ActiveCfg = Release R26|Any CPU
		{5016ED6D-5A9A-4F59-AE49-CAA9615798F7}.Release R26|x86.Build.0 = Release R26|Any CPU
		{5016ED6D-5A9A-4F59-AE49-CAA9615798F7}.Release R27|Any CPU.ActiveCfg = Release|Any CPU
		{5016ED6D-5A9A-4F59-AE49-CAA9615798F7}.Release R27|x64.ActiveCfg = Release R27|Any CPU
		{5016ED6D-5A9A-4F59-AE49-CAA9615798F7}.Release R27|x64.Build.0 = Release R27|Any CPU
		{5016ED6D-5A9A-4F59-AE49-CAA9615798F7}.Release R27|x86.ActiveCfg = Release R27|Any CPU
		{5016ED6D-5A9A-4F59-AE49-CAA9615798F7}.Release R27|x86.Build.0 = Release R27|Any CPU
		{5016ED6D-5A9A-4F59-AE49-CAA9615798F7}.Debug|Any CPU.ActiveCfg = Debug|Any CPU
		{5016ED6D-5A9A-4F59-AE49-CAA9615798F7}.Debug|Any CPU.Build.0 = Debug|Any CPU
		{5016ED6D-5A9A-4F59-AE49-CAA9615798F7}.Debug|x64.ActiveCfg = Debug|Any CPU
		{5016ED6D-5A9A-4F59-AE49-CAA9615798F7}.Debug|x64.Build.0 = Debug|Any CPU
		{5016ED6D-5A9A-4F59-AE49-CAA9615798F7}.Debug|x86.ActiveCfg = Debug|Any CPU
		{5016ED6D-5A9A-4F59-AE49-CAA9615798F7}.Debug|x86.Build.0 = Debug|Any CPU
		{5016ED6D-5A9A-4F59-AE49-CAA9615798F7}.Release|Any CPU.ActiveCfg = Release|Any CPU
		{5016ED6D-5A9A-4F59-AE49-CAA9615798F7}.Release|Any CPU.Build.0 = Release|Any CPU
		{5016ED6D-5A9A-4F59-AE49-CAA9615798F7}.Release|x64.ActiveCfg = Release|Any CPU
		{5016ED6D-5A9A-4F59-AE49-CAA9615798F7}.Release|x64.Build.0 = Release|Any CPU
		{5016ED6D-5A9A-4F59-AE49-CAA9615798F7}.Release|x86.ActiveCfg = Release|Any CPU
		{5016ED6D-5A9A-4F59-AE49-CAA9615798F7}.Release|x86.Build.0 = Release|Any CPU
		{1661572C-EF3A-4DD6-83BD-CB4239CE8CDD}.Debug R22|Any CPU.ActiveCfg = Debug R22|Any CPU
		{1661572C-EF3A-4DD6-83BD-CB4239CE8CDD}.Debug R22|Any CPU.Build.0 = Debug R22|Any CPU
		{1661572C-EF3A-4DD6-83BD-CB4239CE8CDD}.Debug R22|x64.ActiveCfg = Debug R22|Any CPU
		{1661572C-EF3A-4DD6-83BD-CB4239CE8CDD}.Debug R22|x64.Build.0 = Debug R22|Any CPU
		{1661572C-EF3A-4DD6-83BD-CB4239CE8CDD}.Debug R22|x86.ActiveCfg = Debug R22|Any CPU
		{1661572C-EF3A-4DD6-83BD-CB4239CE8CDD}.Debug R22|x86.Build.0 = Debug R22|Any CPU
		{1661572C-EF3A-4DD6-83BD-CB4239CE8CDD}.Debug R23|Any CPU.ActiveCfg = Debug R23|Any CPU
		{1661572C-EF3A-4DD6-83BD-CB4239CE8CDD}.Debug R23|Any CPU.Build.0 = Debug R23|Any CPU
		{1661572C-EF3A-4DD6-83BD-CB4239CE8CDD}.Debug R23|x64.ActiveCfg = Debug R23|Any CPU
		{1661572C-EF3A-4DD6-83BD-CB4239CE8CDD}.Debug R23|x64.Build.0 = Debug R23|Any CPU
		{1661572C-EF3A-4DD6-83BD-CB4239CE8CDD}.Debug R23|x86.ActiveCfg = Debug R23|Any CPU
		{1661572C-EF3A-4DD6-83BD-CB4239CE8CDD}.Debug R23|x86.Build.0 = Debug R23|Any CPU
		{1661572C-EF3A-4DD6-83BD-CB4239CE8CDD}.Debug R24|Any CPU.ActiveCfg = Debug R24|Any CPU
		{1661572C-EF3A-4DD6-83BD-CB4239CE8CDD}.Debug R24|x64.ActiveCfg = Debug R24|Any CPU
		{1661572C-EF3A-4DD6-83BD-CB4239CE8CDD}.Debug R24|x64.Build.0 = Debug R24|Any CPU
		{1661572C-EF3A-4DD6-83BD-CB4239CE8CDD}.Debug R24|x86.ActiveCfg = Debug R24|Any CPU
		{1661572C-EF3A-4DD6-83BD-CB4239CE8CDD}.Debug R24|x86.Build.0 = Debug R24|Any CPU
		{1661572C-EF3A-4DD6-83BD-CB4239CE8CDD}.Debug R25|Any CPU.ActiveCfg = Debug R25|Any CPU
		{1661572C-EF3A-4DD6-83BD-CB4239CE8CDD}.Debug R25|Any CPU.Build.0 = Debug R25|Any CPU
		{1661572C-EF3A-4DD6-83BD-CB4239CE8CDD}.Debug R25|x64.ActiveCfg = Debug R25|Any CPU
		{1661572C-EF3A-4DD6-83BD-CB4239CE8CDD}.Debug R25|x64.Build.0 = Debug R25|Any CPU
		{1661572C-EF3A-4DD6-83BD-CB4239CE8CDD}.Debug R25|x86.ActiveCfg = Debug R25|Any CPU
		{1661572C-EF3A-4DD6-83BD-CB4239CE8CDD}.Debug R25|x86.Build.0 = Debug R25|Any CPU
		{1661572C-EF3A-4DD6-83BD-CB4239CE8CDD}.Debug R26|Any CPU.ActiveCfg = Debug R26|Any CPU
		{1661572C-EF3A-4DD6-83BD-CB4239CE8CDD}.Debug R26|x64.ActiveCfg = Debug R26|Any CPU
		{1661572C-EF3A-4DD6-83BD-CB4239CE8CDD}.Debug R26|x64.Build.0 = Debug R26|Any CPU
		{1661572C-EF3A-4DD6-83BD-CB4239CE8CDD}.Debug R26|x86.ActiveCfg = Debug R26|Any CPU
		{1661572C-EF3A-4DD6-83BD-CB4239CE8CDD}.Debug R26|x86.Build.0 = Debug R26|Any CPU
		{1661572C-EF3A-4DD6-83BD-CB4239CE8CDD}.Debug R27|Any CPU.ActiveCfg = Debug R27|Any CPU
		{1661572C-EF3A-4DD6-83BD-CB4239CE8CDD}.Debug R27|x64.ActiveCfg = Debug R27|Any CPU
		{1661572C-EF3A-4DD6-83BD-CB4239CE8CDD}.Debug R27|x64.Build.0 = Debug R27|Any CPU
		{1661572C-EF3A-4DD6-83BD-CB4239CE8CDD}.Debug R27|x86.ActiveCfg = Debug R27|Any CPU
		{1661572C-EF3A-4DD6-83BD-CB4239CE8CDD}.Debug R27|x86.Build.0 = Debug R27|Any CPU
		{1661572C-EF3A-4DD6-83BD-CB4239CE8CDD}.Installer|Any CPU.ActiveCfg = Debug R21|Any CPU
		{1661572C-EF3A-4DD6-83BD-CB4239CE8CDD}.Installer|x64.ActiveCfg = Installer|Any CPU
		{1661572C-EF3A-4DD6-83BD-CB4239CE8CDD}.Installer|x64.Build.0 = Installer|Any CPU
		{1661572C-EF3A-4DD6-83BD-CB4239CE8CDD}.Installer|x86.ActiveCfg = Installer|Any CPU
		{1661572C-EF3A-4DD6-83BD-CB4239CE8CDD}.Installer|x86.Build.0 = Installer|Any CPU
		{1661572C-EF3A-4DD6-83BD-CB4239CE8CDD}.Release R19|Any CPU.ActiveCfg = Release R19|Any CPU
		{1661572C-EF3A-4DD6-83BD-CB4239CE8CDD}.Release R19|x64.ActiveCfg = Release R19|Any CPU
		{1661572C-EF3A-4DD6-83BD-CB4239CE8CDD}.Release R19|x64.Build.0 = Release R19|Any CPU
		{1661572C-EF3A-4DD6-83BD-CB4239CE8CDD}.Release R19|x86.ActiveCfg = Release R19|Any CPU
		{1661572C-EF3A-4DD6-83BD-CB4239CE8CDD}.Release R19|x86.Build.0 = Release R19|Any CPU
		{1661572C-EF3A-4DD6-83BD-CB4239CE8CDD}.Release R20|Any CPU.ActiveCfg = Release R20|Any CPU
		{1661572C-EF3A-4DD6-83BD-CB4239CE8CDD}.Release R20|x64.ActiveCfg = Release R20|Any CPU
		{1661572C-EF3A-4DD6-83BD-CB4239CE8CDD}.Release R20|x64.Build.0 = Release R20|Any CPU
		{1661572C-EF3A-4DD6-83BD-CB4239CE8CDD}.Release R20|x86.ActiveCfg = Release R20|Any CPU
		{1661572C-EF3A-4DD6-83BD-CB4239CE8CDD}.Release R20|x86.Build.0 = Release R20|Any CPU
		{1661572C-EF3A-4DD6-83BD-CB4239CE8CDD}.Release R21|Any CPU.ActiveCfg = Release R21|Any CPU
		{1661572C-EF3A-4DD6-83BD-CB4239CE8CDD}.Release R21|x64.ActiveCfg = Release R21|Any CPU
		{1661572C-EF3A-4DD6-83BD-CB4239CE8CDD}.Release R21|x64.Build.0 = Release R21|Any CPU
		{1661572C-EF3A-4DD6-83BD-CB4239CE8CDD}.Release R21|x86.ActiveCfg = Release R21|Any CPU
		{1661572C-EF3A-4DD6-83BD-CB4239CE8CDD}.Release R21|x86.Build.0 = Release R21|Any CPU
		{1661572C-EF3A-4DD6-83BD-CB4239CE8CDD}.Release R22|Any CPU.ActiveCfg = Release R22|Any CPU
		{1661572C-EF3A-4DD6-83BD-CB4239CE8CDD}.Release R22|x64.ActiveCfg = Release R22|Any CPU
		{1661572C-EF3A-4DD6-83BD-CB4239CE8CDD}.Release R22|x64.Build.0 = Release R22|Any CPU
		{1661572C-EF3A-4DD6-83BD-CB4239CE8CDD}.Release R22|x86.ActiveCfg = Release R22|Any CPU
		{1661572C-EF3A-4DD6-83BD-CB4239CE8CDD}.Release R22|x86.Build.0 = Release R22|Any CPU
		{1661572C-EF3A-4DD6-83BD-CB4239CE8CDD}.Release R23|Any CPU.ActiveCfg = Release R23|Any CPU
		{1661572C-EF3A-4DD6-83BD-CB4239CE8CDD}.Release R23|x64.ActiveCfg = Release R23|Any CPU
		{1661572C-EF3A-4DD6-83BD-CB4239CE8CDD}.Release R23|x64.Build.0 = Release R23|Any CPU
		{1661572C-EF3A-4DD6-83BD-CB4239CE8CDD}.Release R23|x86.ActiveCfg = Release R23|Any CPU
		{1661572C-EF3A-4DD6-83BD-CB4239CE8CDD}.Release R23|x86.Build.0 = Release R23|Any CPU
		{1661572C-EF3A-4DD6-83BD-CB4239CE8CDD}.Release R24|Any CPU.ActiveCfg = Release R24|Any CPU
		{1661572C-EF3A-4DD6-83BD-CB4239CE8CDD}.Release R24|x64.ActiveCfg = Release R24|Any CPU
		{1661572C-EF3A-4DD6-83BD-CB4239CE8CDD}.Release R24|x64.Build.0 = Release R24|Any CPU
		{1661572C-EF3A-4DD6-83BD-CB4239CE8CDD}.Release R24|x86.ActiveCfg = Release R24|Any CPU
		{1661572C-EF3A-4DD6-83BD-CB4239CE8CDD}.Release R24|x86.Build.0 = Release R24|Any CPU
		{1661572C-EF3A-4DD6-83BD-CB4239CE8CDD}.Release R25|Any CPU.ActiveCfg = Release R25|Any CPU
		{1661572C-EF3A-4DD6-83BD-CB4239CE8CDD}.Release R25|x64.ActiveCfg = Release R25|Any CPU
		{1661572C-EF3A-4DD6-83BD-CB4239CE8CDD}.Release R25|x64.Build.0 = Release R25|Any CPU
		{1661572C-EF3A-4DD6-83BD-CB4239CE8CDD}.Release R25|x86.ActiveCfg = Release R25|Any CPU
		{1661572C-EF3A-4DD6-83BD-CB4239CE8CDD}.Release R25|x86.Build.0 = Release R25|Any CPU
		{1661572C-EF3A-4DD6-83BD-CB4239CE8CDD}.Release R26|Any CPU.ActiveCfg = Release R26|Any CPU
		{1661572C-EF3A-4DD6-83BD-CB4239CE8CDD}.Release R26|x64.ActiveCfg = Release R26|Any CPU
		{1661572C-EF3A-4DD6-83BD-CB4239CE8CDD}.Release R26|x64.Build.0 = Release R26|Any CPU
		{1661572C-EF3A-4DD6-83BD-CB4239CE8CDD}.Release R26|x86.ActiveCfg = Release R26|Any CPU
		{1661572C-EF3A-4DD6-83BD-CB4239CE8CDD}.Release R26|x86.Build.0 = Release R26|Any CPU
		{1661572C-EF3A-4DD6-83BD-CB4239CE8CDD}.Release R27|Any CPU.ActiveCfg = Release R27|Any CPU
		{1661572C-EF3A-4DD6-83BD-CB4239CE8CDD}.Release R27|x64.ActiveCfg = Release R27|Any CPU
		{1661572C-EF3A-4DD6-83BD-CB4239CE8CDD}.Release R27|x64.Build.0 = Release R27|Any CPU
		{1661572C-EF3A-4DD6-83BD-CB4239CE8CDD}.Release R27|x86.ActiveCfg = Release R27|Any CPU
		{1661572C-EF3A-4DD6-83BD-CB4239CE8CDD}.Release R27|x86.Build.0 = Release R27|Any CPU
		{1661572C-EF3A-4DD6-83BD-CB4239CE8CDD}.Debug|Any CPU.ActiveCfg = Debug|Any CPU
		{1661572C-EF3A-4DD6-83BD-CB4239CE8CDD}.Debug|Any CPU.Build.0 = Debug|Any CPU
		{1661572C-EF3A-4DD6-83BD-CB4239CE8CDD}.Debug|x64.ActiveCfg = Debug|Any CPU
		{1661572C-EF3A-4DD6-83BD-CB4239CE8CDD}.Debug|x64.Build.0 = Debug|Any CPU
		{1661572C-EF3A-4DD6-83BD-CB4239CE8CDD}.Debug|x86.ActiveCfg = Debug|Any CPU
		{1661572C-EF3A-4DD6-83BD-CB4239CE8CDD}.Debug|x86.Build.0 = Debug|Any CPU
		{1661572C-EF3A-4DD6-83BD-CB4239CE8CDD}.Release|Any CPU.ActiveCfg = Release|Any CPU
		{1661572C-EF3A-4DD6-83BD-CB4239CE8CDD}.Release|Any CPU.Build.0 = Release|Any CPU
		{1661572C-EF3A-4DD6-83BD-CB4239CE8CDD}.Release|x64.ActiveCfg = Release|Any CPU
		{1661572C-EF3A-4DD6-83BD-CB4239CE8CDD}.Release|x64.Build.0 = Release|Any CPU
		{1661572C-EF3A-4DD6-83BD-CB4239CE8CDD}.Release|x86.ActiveCfg = Release|Any CPU
		{1661572C-EF3A-4DD6-83BD-CB4239CE8CDD}.Release|x86.Build.0 = Release|Any CPU
		{21460D85-C4AD-49D5-963F-CF13C4AE99EB}.Debug R22|Any CPU.ActiveCfg = Debug R22|Any CPU
		{21460D85-C4AD-49D5-963F-CF13C4AE99EB}.Debug R22|Any CPU.Build.0 = Debug R22|Any CPU
		{21460D85-C4AD-49D5-963F-CF13C4AE99EB}.Debug R22|x64.ActiveCfg = Debug R22|Any CPU
		{21460D85-C4AD-49D5-963F-CF13C4AE99EB}.Debug R22|x64.Build.0 = Debug R22|Any CPU
		{21460D85-C4AD-49D5-963F-CF13C4AE99EB}.Debug R22|x86.ActiveCfg = Debug R22|Any CPU
		{21460D85-C4AD-49D5-963F-CF13C4AE99EB}.Debug R22|x86.Build.0 = Debug R22|Any CPU
		{21460D85-C4AD-49D5-963F-CF13C4AE99EB}.Debug R23|Any CPU.ActiveCfg = Debug R23|Any CPU
		{21460D85-C4AD-49D5-963F-CF13C4AE99EB}.Debug R23|Any CPU.Build.0 = Debug R23|Any CPU
		{21460D85-C4AD-49D5-963F-CF13C4AE99EB}.Debug R23|x64.ActiveCfg = Debug R23|Any CPU
		{21460D85-C4AD-49D5-963F-CF13C4AE99EB}.Debug R23|x64.Build.0 = Debug R23|Any CPU
		{21460D85-C4AD-49D5-963F-CF13C4AE99EB}.Debug R23|x86.ActiveCfg = Debug R23|Any CPU
		{21460D85-C4AD-49D5-963F-CF13C4AE99EB}.Debug R23|x86.Build.0 = Debug R23|Any CPU
		{21460D85-C4AD-49D5-963F-CF13C4AE99EB}.Debug R24|Any CPU.ActiveCfg = Debug R24|Any CPU
		{21460D85-C4AD-49D5-963F-CF13C4AE99EB}.Debug R24|Any CPU.Build.0 = Debug R24|Any CPU
		{21460D85-C4AD-49D5-963F-CF13C4AE99EB}.Debug R24|x64.ActiveCfg = Debug R24|Any CPU
		{21460D85-C4AD-49D5-963F-CF13C4AE99EB}.Debug R24|x64.Build.0 = Debug R24|Any CPU
		{21460D85-C4AD-49D5-963F-CF13C4AE99EB}.Debug R24|x86.ActiveCfg = Debug R24|Any CPU
		{21460D85-C4AD-49D5-963F-CF13C4AE99EB}.Debug R24|x86.Build.0 = Debug R24|Any CPU
		{21460D85-C4AD-49D5-963F-CF13C4AE99EB}.Debug R25|Any CPU.ActiveCfg = Release R25|Any CPU
		{21460D85-C4AD-49D5-963F-CF13C4AE99EB}.Debug R25|Any CPU.Build.0 = Release R25|Any CPU
		{21460D85-C4AD-49D5-963F-CF13C4AE99EB}.Debug R25|x64.ActiveCfg = Debug R25|Any CPU
		{21460D85-C4AD-49D5-963F-CF13C4AE99EB}.Debug R25|x64.Build.0 = Debug R25|Any CPU
		{21460D85-C4AD-49D5-963F-CF13C4AE99EB}.Debug R25|x86.ActiveCfg = Debug R25|Any CPU
		{21460D85-C4AD-49D5-963F-CF13C4AE99EB}.Debug R25|x86.Build.0 = Debug R25|Any CPU
		{21460D85-C4AD-49D5-963F-CF13C4AE99EB}.Debug R26|Any CPU.ActiveCfg = Debug R26|Any CPU
		{21460D85-C4AD-49D5-963F-CF13C4AE99EB}.Debug R26|Any CPU.Build.0 = Debug R26|Any CPU
		{21460D85-C4AD-49D5-963F-CF13C4AE99EB}.Debug R26|x64.ActiveCfg = Debug R26|Any CPU
		{21460D85-C4AD-49D5-963F-CF13C4AE99EB}.Debug R26|x64.Build.0 = Debug R26|Any CPU
		{21460D85-C4AD-49D5-963F-CF13C4AE99EB}.Debug R26|x86.ActiveCfg = Debug R26|Any CPU
		{21460D85-C4AD-49D5-963F-CF13C4AE99EB}.Debug R26|x86.Build.0 = Debug R26|Any CPU
		{21460D85-C4AD-49D5-963F-CF13C4AE99EB}.Debug R27|Any CPU.ActiveCfg = Debug R27|Any CPU
		{21460D85-C4AD-49D5-963F-CF13C4AE99EB}.Debug R27|Any CPU.Build.0 = Debug R27|Any CPU
		{21460D85-C4AD-49D5-963F-CF13C4AE99EB}.Debug R27|x64.ActiveCfg = Debug R27|Any CPU
		{21460D85-C4AD-49D5-963F-CF13C4AE99EB}.Debug R27|x64.Build.0 = Debug R27|Any CPU
		{21460D85-C4AD-49D5-963F-CF13C4AE99EB}.Debug R27|x86.ActiveCfg = Debug R27|Any CPU
		{21460D85-C4AD-49D5-963F-CF13C4AE99EB}.Debug R27|x86.Build.0 = Debug R27|Any CPU
		{21460D85-C4AD-49D5-963F-CF13C4AE99EB}.Installer|Any CPU.ActiveCfg = Debug R22|Any CPU
		{21460D85-C4AD-49D5-963F-CF13C4AE99EB}.Installer|x64.ActiveCfg = Installer|Any CPU
		{21460D85-C4AD-49D5-963F-CF13C4AE99EB}.Installer|x64.Build.0 = Installer|Any CPU
		{21460D85-C4AD-49D5-963F-CF13C4AE99EB}.Installer|x86.ActiveCfg = Installer|Any CPU
		{21460D85-C4AD-49D5-963F-CF13C4AE99EB}.Installer|x86.Build.0 = Installer|Any CPU
		{21460D85-C4AD-49D5-963F-CF13C4AE99EB}.Release R19|Any CPU.ActiveCfg = Release R19|Any CPU
		{21460D85-C4AD-49D5-963F-CF13C4AE99EB}.Release R19|Any CPU.Build.0 = Release R19|Any CPU
		{21460D85-C4AD-49D5-963F-CF13C4AE99EB}.Release R19|x64.ActiveCfg = Release R19|Any CPU
		{21460D85-C4AD-49D5-963F-CF13C4AE99EB}.Release R19|x64.Build.0 = Release R19|Any CPU
		{21460D85-C4AD-49D5-963F-CF13C4AE99EB}.Release R19|x86.ActiveCfg = Release R19|Any CPU
		{21460D85-C4AD-49D5-963F-CF13C4AE99EB}.Release R19|x86.Build.0 = Release R19|Any CPU
		{21460D85-C4AD-49D5-963F-CF13C4AE99EB}.Release R20|Any CPU.ActiveCfg = Release R20|Any CPU
		{21460D85-C4AD-49D5-963F-CF13C4AE99EB}.Release R20|Any CPU.Build.0 = Release R20|Any CPU
		{21460D85-C4AD-49D5-963F-CF13C4AE99EB}.Release R20|x64.ActiveCfg = Release R20|Any CPU
		{21460D85-C4AD-49D5-963F-CF13C4AE99EB}.Release R20|x64.Build.0 = Release R20|Any CPU
		{21460D85-C4AD-49D5-963F-CF13C4AE99EB}.Release R20|x86.ActiveCfg = Release R20|Any CPU
		{21460D85-C4AD-49D5-963F-CF13C4AE99EB}.Release R20|x86.Build.0 = Release R20|Any CPU
		{21460D85-C4AD-49D5-963F-CF13C4AE99EB}.Release R21|Any CPU.ActiveCfg = Release R21|Any CPU
		{21460D85-C4AD-49D5-963F-CF13C4AE99EB}.Release R21|Any CPU.Build.0 = Release R21|Any CPU
		{21460D85-C4AD-49D5-963F-CF13C4AE99EB}.Release R21|x64.ActiveCfg = Release R21|Any CPU
		{21460D85-C4AD-49D5-963F-CF13C4AE99EB}.Release R21|x64.Build.0 = Release R21|Any CPU
		{21460D85-C4AD-49D5-963F-CF13C4AE99EB}.Release R21|x86.ActiveCfg = Release R21|Any CPU
		{21460D85-C4AD-49D5-963F-CF13C4AE99EB}.Release R21|x86.Build.0 = Release R21|Any CPU
		{21460D85-C4AD-49D5-963F-CF13C4AE99EB}.Release R22|Any CPU.ActiveCfg = Release R22|Any CPU
		{21460D85-C4AD-49D5-963F-CF13C4AE99EB}.Release R22|Any CPU.Build.0 = Release R22|Any CPU
		{21460D85-C4AD-49D5-963F-CF13C4AE99EB}.Release R22|x64.ActiveCfg = Release R22|Any CPU
		{21460D85-C4AD-49D5-963F-CF13C4AE99EB}.Release R22|x64.Build.0 = Release R22|Any CPU
		{21460D85-C4AD-49D5-963F-CF13C4AE99EB}.Release R22|x86.ActiveCfg = Release R22|Any CPU
		{21460D85-C4AD-49D5-963F-CF13C4AE99EB}.Release R22|x86.Build.0 = Release R22|Any CPU
		{21460D85-C4AD-49D5-963F-CF13C4AE99EB}.Release R23|Any CPU.ActiveCfg = Release R23|Any CPU
		{21460D85-C4AD-49D5-963F-CF13C4AE99EB}.Release R23|Any CPU.Build.0 = Release R23|Any CPU
		{21460D85-C4AD-49D5-963F-CF13C4AE99EB}.Release R23|x64.ActiveCfg = Release R23|Any CPU
		{21460D85-C4AD-49D5-963F-CF13C4AE99EB}.Release R23|x64.Build.0 = Release R23|Any CPU
		{21460D85-C4AD-49D5-963F-CF13C4AE99EB}.Release R23|x86.ActiveCfg = Release R23|Any CPU
		{21460D85-C4AD-49D5-963F-CF13C4AE99EB}.Release R23|x86.Build.0 = Release R23|Any CPU
		{21460D85-C4AD-49D5-963F-CF13C4AE99EB}.Release R24|Any CPU.ActiveCfg = Release R24|Any CPU
		{21460D85-C4AD-49D5-963F-CF13C4AE99EB}.Release R24|Any CPU.Build.0 = Release R24|Any CPU
		{21460D85-C4AD-49D5-963F-CF13C4AE99EB}.Release R24|x64.ActiveCfg = Release R24|Any CPU
		{21460D85-C4AD-49D5-963F-CF13C4AE99EB}.Release R24|x64.Build.0 = Release R24|Any CPU
		{21460D85-C4AD-49D5-963F-CF13C4AE99EB}.Release R24|x86.ActiveCfg = Release R24|Any CPU
		{21460D85-C4AD-49D5-963F-CF13C4AE99EB}.Release R24|x86.Build.0 = Release R24|Any CPU
		{21460D85-C4AD-49D5-963F-CF13C4AE99EB}.Release R25|Any CPU.ActiveCfg = Release R25|Any CPU
		{21460D85-C4AD-49D5-963F-CF13C4AE99EB}.Release R25|Any CPU.Build.0 = Release R25|Any CPU
		{21460D85-C4AD-49D5-963F-CF13C4AE99EB}.Release R25|x64.ActiveCfg = Release R25|Any CPU
		{21460D85-C4AD-49D5-963F-CF13C4AE99EB}.Release R25|x64.Build.0 = Release R25|Any CPU
		{21460D85-C4AD-49D5-963F-CF13C4AE99EB}.Release R25|x86.ActiveCfg = Release R25|Any CPU
		{21460D85-C4AD-49D5-963F-CF13C4AE99EB}.Release R25|x86.Build.0 = Release R25|Any CPU
		{21460D85-C4AD-49D5-963F-CF13C4AE99EB}.Release R26|Any CPU.ActiveCfg = Release R26|Any CPU
		{21460D85-C4AD-49D5-963F-CF13C4AE99EB}.Release R26|Any CPU.Build.0 = Release R26|Any CPU
		{21460D85-C4AD-49D5-963F-CF13C4AE99EB}.Release R26|x64.ActiveCfg = Release R26|Any CPU
		{21460D85-C4AD-49D5-963F-CF13C4AE99EB}.Release R26|x64.Build.0 = Release R26|Any CPU
		{21460D85-C4AD-49D5-963F-CF13C4AE99EB}.Release R26|x86.ActiveCfg = Release R26|Any CPU
		{21460D85-C4AD-49D5-963F-CF13C4AE99EB}.Release R26|x86.Build.0 = Release R26|Any CPU
		{21460D85-C4AD-49D5-963F-CF13C4AE99EB}.Release R27|Any CPU.ActiveCfg = Release R27|Any CPU
		{21460D85-C4AD-49D5-963F-CF13C4AE99EB}.Release R27|Any CPU.Build.0 = Release R27|Any CPU
		{21460D85-C4AD-49D5-963F-CF13C4AE99EB}.Release R27|x64.ActiveCfg = Release R27|Any CPU
		{21460D85-C4AD-49D5-963F-CF13C4AE99EB}.Release R27|x64.Build.0 = Release R27|Any CPU
		{21460D85-C4AD-49D5-963F-CF13C4AE99EB}.Release R27|x86.ActiveCfg = Release R27|Any CPU
		{21460D85-C4AD-49D5-963F-CF13C4AE99EB}.Release R27|x86.Build.0 = Release R27|Any CPU
		{21460D85-C4AD-49D5-963F-CF13C4AE99EB}.Debug|Any CPU.ActiveCfg = Debug|Any CPU
		{21460D85-C4AD-49D5-963F-CF13C4AE99EB}.Debug|Any CPU.Build.0 = Debug|Any CPU
		{21460D85-C4AD-49D5-963F-CF13C4AE99EB}.Debug|x64.ActiveCfg = Debug|Any CPU
		{21460D85-C4AD-49D5-963F-CF13C4AE99EB}.Debug|x64.Build.0 = Debug|Any CPU
		{21460D85-C4AD-49D5-963F-CF13C4AE99EB}.Debug|x86.ActiveCfg = Debug|Any CPU
		{21460D85-C4AD-49D5-963F-CF13C4AE99EB}.Debug|x86.Build.0 = Debug|Any CPU
		{21460D85-C4AD-49D5-963F-CF13C4AE99EB}.Release|Any CPU.ActiveCfg = Release|Any CPU
		{21460D85-C4AD-49D5-963F-CF13C4AE99EB}.Release|Any CPU.Build.0 = Release|Any CPU
		{21460D85-C4AD-49D5-963F-CF13C4AE99EB}.Release|x64.ActiveCfg = Release|Any CPU
		{21460D85-C4AD-49D5-963F-CF13C4AE99EB}.Release|x64.Build.0 = Release|Any CPU
		{21460D85-C4AD-49D5-963F-CF13C4AE99EB}.Release|x86.ActiveCfg = Release|Any CPU
		{21460D85-C4AD-49D5-963F-CF13C4AE99EB}.Release|x86.Build.0 = Release|Any CPU
		{DA609427-F086-4C79-A5FA-202DBB5DE48D}.Debug R22|Any CPU.ActiveCfg = Debug|Any CPU
		{DA609427-F086-4C79-A5FA-202DBB5DE48D}.Debug R22|Any CPU.Build.0 = Debug|Any CPU
		{DA609427-F086-4C79-A5FA-202DBB5DE48D}.Debug R22|x64.ActiveCfg = Debug R22|Any CPU
		{DA609427-F086-4C79-A5FA-202DBB5DE48D}.Debug R22|x64.Build.0 = Debug R22|Any CPU
		{DA609427-F086-4C79-A5FA-202DBB5DE48D}.Debug R22|x86.ActiveCfg = Debug R22|Any CPU
		{DA609427-F086-4C79-A5FA-202DBB5DE48D}.Debug R22|x86.Build.0 = Debug R22|Any CPU
		{DA609427-F086-4C79-A5FA-202DBB5DE48D}.Debug R23|Any CPU.ActiveCfg = Debug|Any CPU
		{DA609427-F086-4C79-A5FA-202DBB5DE48D}.Debug R23|Any CPU.Build.0 = Debug|Any CPU
		{DA609427-F086-4C79-A5FA-202DBB5DE48D}.Debug R23|x64.ActiveCfg = Debug R23|Any CPU
		{DA609427-F086-4C79-A5FA-202DBB5DE48D}.Debug R23|x64.Build.0 = Debug R23|Any CPU
		{DA609427-F086-4C79-A5FA-202DBB5DE48D}.Debug R23|x86.ActiveCfg = Debug R23|Any CPU
		{DA609427-F086-4C79-A5FA-202DBB5DE48D}.Debug R23|x86.Build.0 = Debug R23|Any CPU
		{DA609427-F086-4C79-A5FA-202DBB5DE48D}.Debug R24|Any CPU.ActiveCfg = Debug|Any CPU
		{DA609427-F086-4C79-A5FA-202DBB5DE48D}.Debug R24|Any CPU.Build.0 = Debug|Any CPU
		{DA609427-F086-4C79-A5FA-202DBB5DE48D}.Debug R24|x64.ActiveCfg = Debug R24|Any CPU
		{DA609427-F086-4C79-A5FA-202DBB5DE48D}.Debug R24|x64.Build.0 = Debug R24|Any CPU
		{DA609427-F086-4C79-A5FA-202DBB5DE48D}.Debug R24|x86.ActiveCfg = Debug R24|Any CPU
		{DA609427-F086-4C79-A5FA-202DBB5DE48D}.Debug R24|x86.Build.0 = Debug R24|Any CPU
		{DA609427-F086-4C79-A5FA-202DBB5DE48D}.Debug R25|Any CPU.ActiveCfg = Debug|Any CPU
		{DA609427-F086-4C79-A5FA-202DBB5DE48D}.Debug R25|x64.ActiveCfg = Debug R25|Any CPU
		{DA609427-F086-4C79-A5FA-202DBB5DE48D}.Debug R25|x64.Build.0 = Debug R25|Any CPU
		{DA609427-F086-4C79-A5FA-202DBB5DE48D}.Debug R25|x86.ActiveCfg = Debug R25|Any CPU
		{DA609427-F086-4C79-A5FA-202DBB5DE48D}.Debug R25|x86.Build.0 = Debug R25|Any CPU
		{DA609427-F086-4C79-A5FA-202DBB5DE48D}.Debug R26|Any CPU.ActiveCfg = Debug|Any CPU
		{DA609427-F086-4C79-A5FA-202DBB5DE48D}.Debug R26|x64.ActiveCfg = Debug R26|Any CPU
		{DA609427-F086-4C79-A5FA-202DBB5DE48D}.Debug R26|x64.Build.0 = Debug R26|Any CPU
		{DA609427-F086-4C79-A5FA-202DBB5DE48D}.Debug R26|x86.ActiveCfg = Debug R26|Any CPU
		{DA609427-F086-4C79-A5FA-202DBB5DE48D}.Debug R26|x86.Build.0 = Debug R26|Any CPU
		{DA609427-F086-4C79-A5FA-202DBB5DE48D}.Debug R27|Any CPU.ActiveCfg = Debug|Any CPU
		{DA609427-F086-4C79-A5FA-202DBB5DE48D}.Debug R27|x64.ActiveCfg = Debug R27|Any CPU
		{DA609427-F086-4C79-A5FA-202DBB5DE48D}.Debug R27|x64.Build.0 = Debug R27|Any CPU
		{DA609427-F086-4C79-A5FA-202DBB5DE48D}.Debug R27|x86.ActiveCfg = Debug R27|Any CPU
		{DA609427-F086-4C79-A5FA-202DBB5DE48D}.Debug R27|x86.Build.0 = Debug R27|Any CPU
		{DA609427-F086-4C79-A5FA-202DBB5DE48D}.Installer|Any CPU.ActiveCfg = Debug|Any CPU
		{DA609427-F086-4C79-A5FA-202DBB5DE48D}.Installer|x64.ActiveCfg = Installer|Any CPU
		{DA609427-F086-4C79-A5FA-202DBB5DE48D}.Installer|x64.Build.0 = Installer|Any CPU
		{DA609427-F086-4C79-A5FA-202DBB5DE48D}.Installer|x86.ActiveCfg = Installer|Any CPU
		{DA609427-F086-4C79-A5FA-202DBB5DE48D}.Installer|x86.Build.0 = Installer|Any CPU
		{DA609427-F086-4C79-A5FA-202DBB5DE48D}.Release R19|Any CPU.ActiveCfg = Release|Any CPU
		{DA609427-F086-4C79-A5FA-202DBB5DE48D}.Release R19|x64.ActiveCfg = Release R19|Any CPU
		{DA609427-F086-4C79-A5FA-202DBB5DE48D}.Release R19|x64.Build.0 = Release R19|Any CPU
		{DA609427-F086-4C79-A5FA-202DBB5DE48D}.Release R19|x86.ActiveCfg = Release R19|Any CPU
		{DA609427-F086-4C79-A5FA-202DBB5DE48D}.Release R19|x86.Build.0 = Release R19|Any CPU
		{DA609427-F086-4C79-A5FA-202DBB5DE48D}.Release R20|Any CPU.ActiveCfg = Release|Any CPU
		{DA609427-F086-4C79-A5FA-202DBB5DE48D}.Release R20|x64.ActiveCfg = Release R20|Any CPU
		{DA609427-F086-4C79-A5FA-202DBB5DE48D}.Release R20|x64.Build.0 = Release R20|Any CPU
		{DA609427-F086-4C79-A5FA-202DBB5DE48D}.Release R20|x86.ActiveCfg = Release R20|Any CPU
		{DA609427-F086-4C79-A5FA-202DBB5DE48D}.Release R20|x86.Build.0 = Release R20|Any CPU
		{DA609427-F086-4C79-A5FA-202DBB5DE48D}.Release R21|Any CPU.ActiveCfg = Release|Any CPU
		{DA609427-F086-4C79-A5FA-202DBB5DE48D}.Release R21|x64.ActiveCfg = Release R21|Any CPU
		{DA609427-F086-4C79-A5FA-202DBB5DE48D}.Release R21|x64.Build.0 = Release R21|Any CPU
		{DA609427-F086-4C79-A5FA-202DBB5DE48D}.Release R21|x86.ActiveCfg = Release R21|Any CPU
		{DA609427-F086-4C79-A5FA-202DBB5DE48D}.Release R21|x86.Build.0 = Release R21|Any CPU
		{DA609427-F086-4C79-A5FA-202DBB5DE48D}.Release R22|Any CPU.ActiveCfg = Release|Any CPU
		{DA609427-F086-4C79-A5FA-202DBB5DE48D}.Release R22|x64.ActiveCfg = Release R22|Any CPU
		{DA609427-F086-4C79-A5FA-202DBB5DE48D}.Release R22|x64.Build.0 = Release R22|Any CPU
		{DA609427-F086-4C79-A5FA-202DBB5DE48D}.Release R22|x86.ActiveCfg = Release R22|Any CPU
		{DA609427-F086-4C79-A5FA-202DBB5DE48D}.Release R22|x86.Build.0 = Release R22|Any CPU
		{DA609427-F086-4C79-A5FA-202DBB5DE48D}.Release R23|Any CPU.ActiveCfg = Release|Any CPU
		{DA609427-F086-4C79-A5FA-202DBB5DE48D}.Release R23|x64.ActiveCfg = Release R23|Any CPU
		{DA609427-F086-4C79-A5FA-202DBB5DE48D}.Release R23|x64.Build.0 = Release R23|Any CPU
		{DA609427-F086-4C79-A5FA-202DBB5DE48D}.Release R23|x86.ActiveCfg = Release R23|Any CPU
		{DA609427-F086-4C79-A5FA-202DBB5DE48D}.Release R23|x86.Build.0 = Release R23|Any CPU
		{DA609427-F086-4C79-A5FA-202DBB5DE48D}.Release R24|Any CPU.ActiveCfg = Release|Any CPU
		{DA609427-F086-4C79-A5FA-202DBB5DE48D}.Release R24|x64.ActiveCfg = Release R24|Any CPU
		{DA609427-F086-4C79-A5FA-202DBB5DE48D}.Release R24|x64.Build.0 = Release R24|Any CPU
		{DA609427-F086-4C79-A5FA-202DBB5DE48D}.Release R24|x86.ActiveCfg = Release R24|Any CPU
		{DA609427-F086-4C79-A5FA-202DBB5DE48D}.Release R24|x86.Build.0 = Release R24|Any CPU
		{DA609427-F086-4C79-A5FA-202DBB5DE48D}.Release R25|Any CPU.ActiveCfg = Release|Any CPU
		{DA609427-F086-4C79-A5FA-202DBB5DE48D}.Release R25|x64.ActiveCfg = Release R25|Any CPU
		{DA609427-F086-4C79-A5FA-202DBB5DE48D}.Release R25|x64.Build.0 = Release R25|Any CPU
		{DA609427-F086-4C79-A5FA-202DBB5DE48D}.Release R25|x86.ActiveCfg = Release R25|Any CPU
		{DA609427-F086-4C79-A5FA-202DBB5DE48D}.Release R25|x86.Build.0 = Release R25|Any CPU
		{DA609427-F086-4C79-A5FA-202DBB5DE48D}.Release R26|Any CPU.ActiveCfg = Release|Any CPU
		{DA609427-F086-4C79-A5FA-202DBB5DE48D}.Release R26|x64.ActiveCfg = Release R26|Any CPU
		{DA609427-F086-4C79-A5FA-202DBB5DE48D}.Release R26|x64.Build.0 = Release R26|Any CPU
		{DA609427-F086-4C79-A5FA-202DBB5DE48D}.Release R26|x86.ActiveCfg = Release R26|Any CPU
		{DA609427-F086-4C79-A5FA-202DBB5DE48D}.Release R26|x86.Build.0 = Release R26|Any CPU
		{DA609427-F086-4C79-A5FA-202DBB5DE48D}.Release R27|Any CPU.ActiveCfg = Release|Any CPU
		{DA609427-F086-4C79-A5FA-202DBB5DE48D}.Release R27|x64.ActiveCfg = Release R27|Any CPU
		{DA609427-F086-4C79-A5FA-202DBB5DE48D}.Release R27|x64.Build.0 = Release R27|Any CPU
		{DA609427-F086-4C79-A5FA-202DBB5DE48D}.Release R27|x86.ActiveCfg = Release R27|Any CPU
		{DA609427-F086-4C79-A5FA-202DBB5DE48D}.Release R27|x86.Build.0 = Release R27|Any CPU
		{DA609427-F086-4C79-A5FA-202DBB5DE48D}.Debug|Any CPU.ActiveCfg = Debug|Any CPU
		{DA609427-F086-4C79-A5FA-202DBB5DE48D}.Debug|Any CPU.Build.0 = Debug|Any CPU
		{DA609427-F086-4C79-A5FA-202DBB5DE48D}.Debug|x64.ActiveCfg = Debug|Any CPU
		{DA609427-F086-4C79-A5FA-202DBB5DE48D}.Debug|x64.Build.0 = Debug|Any CPU
		{DA609427-F086-4C79-A5FA-202DBB5DE48D}.Debug|x86.ActiveCfg = Debug|Any CPU
		{DA609427-F086-4C79-A5FA-202DBB5DE48D}.Debug|x86.Build.0 = Debug|Any CPU
		{DA609427-F086-4C79-A5FA-202DBB5DE48D}.Release|Any CPU.ActiveCfg = Release|Any CPU
		{DA609427-F086-4C79-A5FA-202DBB5DE48D}.Release|Any CPU.Build.0 = Release|Any CPU
		{DA609427-F086-4C79-A5FA-202DBB5DE48D}.Release|x64.ActiveCfg = Release|Any CPU
		{DA609427-F086-4C79-A5FA-202DBB5DE48D}.Release|x64.Build.0 = Release|Any CPU
		{DA609427-F086-4C79-A5FA-202DBB5DE48D}.Release|x86.ActiveCfg = Release|Any CPU
		{DA609427-F086-4C79-A5FA-202DBB5DE48D}.Release|x86.Build.0 = Release|Any CPU
		{24AD6C09-1B63-4700-B337-ED660E96C655}.Debug R22|Any CPU.ActiveCfg = Debug|Any CPU
		{24AD6C09-1B63-4700-B337-ED660E96C655}.Debug R22|Any CPU.Build.0 = Debug|Any CPU
		{24AD6C09-1B63-4700-B337-ED660E96C655}.Debug R22|x64.ActiveCfg = Debug|Any CPU
		{24AD6C09-1B63-4700-B337-ED660E96C655}.Debug R22|x86.ActiveCfg = Debug|Any CPU
		{24AD6C09-1B63-4700-B337-ED660E96C655}.Debug R23|Any CPU.ActiveCfg = Debug|Any CPU
		{24AD6C09-1B63-4700-B337-ED660E96C655}.Debug R23|Any CPU.Build.0 = Debug|Any CPU
		{24AD6C09-1B63-4700-B337-ED660E96C655}.Debug R23|x64.ActiveCfg = Debug|Any CPU
		{24AD6C09-1B63-4700-B337-ED660E96C655}.Debug R23|x86.ActiveCfg = Debug|Any CPU
		{24AD6C09-1B63-4700-B337-ED660E96C655}.Debug R24|Any CPU.ActiveCfg = Debug|Any CPU
		{24AD6C09-1B63-4700-B337-ED660E96C655}.Debug R24|Any CPU.Build.0 = Debug|Any CPU
		{24AD6C09-1B63-4700-B337-ED660E96C655}.Debug R24|x64.ActiveCfg = Debug|Any CPU
		{24AD6C09-1B63-4700-B337-ED660E96C655}.Debug R24|x86.ActiveCfg = Debug|Any CPU
		{24AD6C09-1B63-4700-B337-ED660E96C655}.Debug R25|Any CPU.ActiveCfg = Debug|Any CPU
		{24AD6C09-1B63-4700-B337-ED660E96C655}.Debug R25|Any CPU.Build.0 = Debug|Any CPU
		{24AD6C09-1B63-4700-B337-ED660E96C655}.Debug R25|x64.ActiveCfg = Debug|Any CPU
		{24AD6C09-1B63-4700-B337-ED660E96C655}.Debug R25|x86.ActiveCfg = Debug|Any CPU
		{24AD6C09-1B63-4700-B337-ED660E96C655}.Debug R26|Any CPU.ActiveCfg = Debug|Any CPU
		{24AD6C09-1B63-4700-B337-ED660E96C655}.Debug R26|Any CPU.Build.0 = Debug|Any CPU
		{24AD6C09-1B63-4700-B337-ED660E96C655}.Debug R26|x64.ActiveCfg = Debug|Any CPU
		{24AD6C09-1B63-4700-B337-ED660E96C655}.Debug R26|x86.ActiveCfg = Debug|Any CPU
		{24AD6C09-1B63-4700-B337-ED660E96C655}.Debug R27|Any CPU.ActiveCfg = Debug|Any CPU
		{24AD6C09-1B63-4700-B337-ED660E96C655}.Debug R27|Any CPU.Build.0 = Debug|Any CPU
		{24AD6C09-1B63-4700-B337-ED660E96C655}.Debug R27|x64.ActiveCfg = Debug|Any CPU
		{24AD6C09-1B63-4700-B337-ED660E96C655}.Debug R27|x86.ActiveCfg = Debug|Any CPU
		{24AD6C09-1B63-4700-B337-ED660E96C655}.Installer|Any CPU.ActiveCfg = Debug|Any CPU
		{24AD6C09-1B63-4700-B337-ED660E96C655}.Installer|Any CPU.Build.0 = Debug|Any CPU
		{24AD6C09-1B63-4700-B337-ED660E96C655}.Installer|x64.ActiveCfg = Debug|Any CPU
		{24AD6C09-1B63-4700-B337-ED660E96C655}.Installer|x86.ActiveCfg = Debug|Any CPU
		{24AD6C09-1B63-4700-B337-ED660E96C655}.Release R19|Any CPU.ActiveCfg = Debug|Any CPU
		{24AD6C09-1B63-4700-B337-ED660E96C655}.Release R19|Any CPU.Build.0 = Debug|Any CPU
		{24AD6C09-1B63-4700-B337-ED660E96C655}.Release R19|x64.ActiveCfg = Debug|Any CPU
		{24AD6C09-1B63-4700-B337-ED660E96C655}.Release R19|x86.ActiveCfg = Debug|Any CPU
		{24AD6C09-1B63-4700-B337-ED660E96C655}.Release R20|Any CPU.ActiveCfg = Debug|Any CPU
		{24AD6C09-1B63-4700-B337-ED660E96C655}.Release R20|Any CPU.Build.0 = Debug|Any CPU
		{24AD6C09-1B63-4700-B337-ED660E96C655}.Release R20|x64.ActiveCfg = Debug|Any CPU
		{24AD6C09-1B63-4700-B337-ED660E96C655}.Release R20|x86.ActiveCfg = Debug|Any CPU
		{24AD6C09-1B63-4700-B337-ED660E96C655}.Release R21|Any CPU.ActiveCfg = Debug|Any CPU
		{24AD6C09-1B63-4700-B337-ED660E96C655}.Release R21|Any CPU.Build.0 = Debug|Any CPU
		{24AD6C09-1B63-4700-B337-ED660E96C655}.Release R21|x64.ActiveCfg = Debug|Any CPU
		{24AD6C09-1B63-4700-B337-ED660E96C655}.Release R21|x86.ActiveCfg = Debug|Any CPU
		{24AD6C09-1B63-4700-B337-ED660E96C655}.Release R22|Any CPU.ActiveCfg = Debug|Any CPU
		{24AD6C09-1B63-4700-B337-ED660E96C655}.Release R22|Any CPU.Build.0 = Debug|Any CPU
		{24AD6C09-1B63-4700-B337-ED660E96C655}.Release R22|x64.ActiveCfg = Debug|Any CPU
		{24AD6C09-1B63-4700-B337-ED660E96C655}.Release R22|x86.ActiveCfg = Debug|Any CPU
		{24AD6C09-1B63-4700-B337-ED660E96C655}.Release R23|Any CPU.ActiveCfg = Debug|Any CPU
		{24AD6C09-1B63-4700-B337-ED660E96C655}.Release R23|Any CPU.Build.0 = Debug|Any CPU
		{24AD6C09-1B63-4700-B337-ED660E96C655}.Release R23|x64.ActiveCfg = Debug|Any CPU
		{24AD6C09-1B63-4700-B337-ED660E96C655}.Release R23|x86.ActiveCfg = Debug|Any CPU
		{24AD6C09-1B63-4700-B337-ED660E96C655}.Release R24|Any CPU.ActiveCfg = Debug|Any CPU
		{24AD6C09-1B63-4700-B337-ED660E96C655}.Release R24|Any CPU.Build.0 = Debug|Any CPU
		{24AD6C09-1B63-4700-B337-ED660E96C655}.Release R24|x64.ActiveCfg = Debug|Any CPU
		{24AD6C09-1B63-4700-B337-ED660E96C655}.Release R24|x86.ActiveCfg = Debug|Any CPU
		{24AD6C09-1B63-4700-B337-ED660E96C655}.Release R25|Any CPU.ActiveCfg = Debug|Any CPU
		{24AD6C09-1B63-4700-B337-ED660E96C655}.Release R25|Any CPU.Build.0 = Debug|Any CPU
		{24AD6C09-1B63-4700-B337-ED660E96C655}.Release R25|x64.ActiveCfg = Debug|Any CPU
		{24AD6C09-1B63-4700-B337-ED660E96C655}.Release R25|x86.ActiveCfg = Debug|Any CPU
		{24AD6C09-1B63-4700-B337-ED660E96C655}.Release R26|Any CPU.ActiveCfg = Debug|Any CPU
		{24AD6C09-1B63-4700-B337-ED660E96C655}.Release R26|Any CPU.Build.0 = Debug|Any CPU
		{24AD6C09-1B63-4700-B337-ED660E96C655}.Release R26|x64.ActiveCfg = Debug|Any CPU
		{24AD6C09-1B63-4700-B337-ED660E96C655}.Release R26|x86.ActiveCfg = Debug|Any CPU
		{24AD6C09-1B63-4700-B337-ED660E96C655}.Release R27|Any CPU.ActiveCfg = Debug|Any CPU
		{24AD6C09-1B63-4700-B337-ED660E96C655}.Release R27|Any CPU.Build.0 = Debug|Any CPU
		{24AD6C09-1B63-4700-B337-ED660E96C655}.Release R27|x64.ActiveCfg = Debug|Any CPU
		{24AD6C09-1B63-4700-B337-ED660E96C655}.Release R27|x86.ActiveCfg = Debug|Any CPU
		{24AD6C09-1B63-4700-B337-ED660E96C655}.Debug|Any CPU.ActiveCfg = Debug|Any CPU
		{24AD6C09-1B63-4700-B337-ED660E96C655}.Debug|Any CPU.Build.0 = Debug|Any CPU
		{24AD6C09-1B63-4700-B337-ED660E96C655}.Debug|x64.ActiveCfg = Debug|Any CPU
		{24AD6C09-1B63-4700-B337-ED660E96C655}.Debug|x86.ActiveCfg = Debug|Any CPU
		{24AD6C09-1B63-4700-B337-ED660E96C655}.Release|Any CPU.ActiveCfg = Release|Any CPU
		{24AD6C09-1B63-4700-B337-ED660E96C655}.Release|Any CPU.Build.0 = Release|Any CPU
		{24AD6C09-1B63-4700-B337-ED660E96C655}.Release|x64.ActiveCfg = Release|Any CPU
		{24AD6C09-1B63-4700-B337-ED660E96C655}.Release|x86.ActiveCfg = Release|Any CPU
		{C5EE326F-4A51-4F6F-9646-95E10AE26CC1}.Debug R22|Any CPU.ActiveCfg = Debug|Any CPU
		{C5EE326F-4A51-4F6F-9646-95E10AE26CC1}.Debug R22|Any CPU.Build.0 = Debug|Any CPU
		{C5EE326F-4A51-4F6F-9646-95E10AE26CC1}.Debug R22|x64.ActiveCfg = Debug|Any CPU
		{C5EE326F-4A51-4F6F-9646-95E10AE26CC1}.Debug R22|x86.ActiveCfg = Debug|Any CPU
		{C5EE326F-4A51-4F6F-9646-95E10AE26CC1}.Debug R23|Any CPU.ActiveCfg = Debug|Any CPU
		{C5EE326F-4A51-4F6F-9646-95E10AE26CC1}.Debug R23|Any CPU.Build.0 = Debug|Any CPU
		{C5EE326F-4A51-4F6F-9646-95E10AE26CC1}.Debug R23|x64.ActiveCfg = Debug|Any CPU
		{C5EE326F-4A51-4F6F-9646-95E10AE26CC1}.Debug R23|x86.ActiveCfg = Debug|Any CPU
		{C5EE326F-4A51-4F6F-9646-95E10AE26CC1}.Debug R24|Any CPU.ActiveCfg = Debug|Any CPU
		{C5EE326F-4A51-4F6F-9646-95E10AE26CC1}.Debug R24|Any CPU.Build.0 = Debug|Any CPU
		{C5EE326F-4A51-4F6F-9646-95E10AE26CC1}.Debug R24|x64.ActiveCfg = Debug|Any CPU
		{C5EE326F-4A51-4F6F-9646-95E10AE26CC1}.Debug R24|x86.ActiveCfg = Debug|Any CPU
		{C5EE326F-4A51-4F6F-9646-95E10AE26CC1}.Debug R25|Any CPU.ActiveCfg = Debug|Any CPU
		{C5EE326F-4A51-4F6F-9646-95E10AE26CC1}.Debug R25|Any CPU.Build.0 = Debug|Any CPU
		{C5EE326F-4A51-4F6F-9646-95E10AE26CC1}.Debug R25|x64.ActiveCfg = Debug|Any CPU
		{C5EE326F-4A51-4F6F-9646-95E10AE26CC1}.Debug R25|x86.ActiveCfg = Debug|Any CPU
		{C5EE326F-4A51-4F6F-9646-95E10AE26CC1}.Debug R26|Any CPU.ActiveCfg = Debug|Any CPU
		{C5EE326F-4A51-4F6F-9646-95E10AE26CC1}.Debug R26|Any CPU.Build.0 = Debug|Any CPU
		{C5EE326F-4A51-4F6F-9646-95E10AE26CC1}.Debug R26|x64.ActiveCfg = Debug|Any CPU
		{C5EE326F-4A51-4F6F-9646-95E10AE26CC1}.Debug R26|x86.ActiveCfg = Debug|Any CPU
		{C5EE326F-4A51-4F6F-9646-95E10AE26CC1}.Debug R27|Any CPU.ActiveCfg = Debug|Any CPU
		{C5EE326F-4A51-4F6F-9646-95E10AE26CC1}.Debug R27|Any CPU.Build.0 = Debug|Any CPU
		{C5EE326F-4A51-4F6F-9646-95E10AE26CC1}.Debug R27|x64.ActiveCfg = Debug|Any CPU
		{C5EE326F-4A51-4F6F-9646-95E10AE26CC1}.Debug R27|x86.ActiveCfg = Debug|Any CPU
		{C5EE326F-4A51-4F6F-9646-95E10AE26CC1}.Installer|Any CPU.ActiveCfg = Debug|Any CPU
		{C5EE326F-4A51-4F6F-9646-95E10AE26CC1}.Installer|Any CPU.Build.0 = Debug|Any CPU
		{C5EE326F-4A51-4F6F-9646-95E10AE26CC1}.Installer|x64.ActiveCfg = Debug|Any CPU
		{C5EE326F-4A51-4F6F-9646-95E10AE26CC1}.Installer|x86.ActiveCfg = Debug|Any CPU
		{C5EE326F-4A51-4F6F-9646-95E10AE26CC1}.Release R19|Any CPU.ActiveCfg = Debug|Any CPU
		{C5EE326F-4A51-4F6F-9646-95E10AE26CC1}.Release R19|Any CPU.Build.0 = Debug|Any CPU
		{C5EE326F-4A51-4F6F-9646-95E10AE26CC1}.Release R19|x64.ActiveCfg = Debug|Any CPU
		{C5EE326F-4A51-4F6F-9646-95E10AE26CC1}.Release R19|x86.ActiveCfg = Debug|Any CPU
		{C5EE326F-4A51-4F6F-9646-95E10AE26CC1}.Release R20|Any CPU.ActiveCfg = Debug|Any CPU
		{C5EE326F-4A51-4F6F-9646-95E10AE26CC1}.Release R20|Any CPU.Build.0 = Debug|Any CPU
		{C5EE326F-4A51-4F6F-9646-95E10AE26CC1}.Release R20|x64.ActiveCfg = Debug|Any CPU
		{C5EE326F-4A51-4F6F-9646-95E10AE26CC1}.Release R20|x86.ActiveCfg = Debug|Any CPU
		{C5EE326F-4A51-4F6F-9646-95E10AE26CC1}.Release R21|Any CPU.ActiveCfg = Debug|Any CPU
		{C5EE326F-4A51-4F6F-9646-95E10AE26CC1}.Release R21|Any CPU.Build.0 = Debug|Any CPU
		{C5EE326F-4A51-4F6F-9646-95E10AE26CC1}.Release R21|x64.ActiveCfg = Debug|Any CPU
		{C5EE326F-4A51-4F6F-9646-95E10AE26CC1}.Release R21|x86.ActiveCfg = Debug|Any CPU
		{C5EE326F-4A51-4F6F-9646-95E10AE26CC1}.Release R22|Any CPU.ActiveCfg = Debug|Any CPU
		{C5EE326F-4A51-4F6F-9646-95E10AE26CC1}.Release R22|Any CPU.Build.0 = Debug|Any CPU
		{C5EE326F-4A51-4F6F-9646-95E10AE26CC1}.Release R22|x64.ActiveCfg = Debug|Any CPU
		{C5EE326F-4A51-4F6F-9646-95E10AE26CC1}.Release R22|x86.ActiveCfg = Debug|Any CPU
		{C5EE326F-4A51-4F6F-9646-95E10AE26CC1}.Release R23|Any CPU.ActiveCfg = Debug|Any CPU
		{C5EE326F-4A51-4F6F-9646-95E10AE26CC1}.Release R23|Any CPU.Build.0 = Debug|Any CPU
		{C5EE326F-4A51-4F6F-9646-95E10AE26CC1}.Release R23|x64.ActiveCfg = Debug|Any CPU
		{C5EE326F-4A51-4F6F-9646-95E10AE26CC1}.Release R23|x86.ActiveCfg = Debug|Any CPU
		{C5EE326F-4A51-4F6F-9646-95E10AE26CC1}.Release R24|Any CPU.ActiveCfg = Debug|Any CPU
		{C5EE326F-4A51-4F6F-9646-95E10AE26CC1}.Release R24|Any CPU.Build.0 = Debug|Any CPU
		{C5EE326F-4A51-4F6F-9646-95E10AE26CC1}.Release R24|x64.ActiveCfg = Debug|Any CPU
		{C5EE326F-4A51-4F6F-9646-95E10AE26CC1}.Release R24|x86.ActiveCfg = Debug|Any CPU
		{C5EE326F-4A51-4F6F-9646-95E10AE26CC1}.Release R25|Any CPU.ActiveCfg = Debug|Any CPU
		{C5EE326F-4A51-4F6F-9646-95E10AE26CC1}.Release R25|Any CPU.Build.0 = Debug|Any CPU
		{C5EE326F-4A51-4F6F-9646-95E10AE26CC1}.Release R25|x64.ActiveCfg = Debug|Any CPU
		{C5EE326F-4A51-4F6F-9646-95E10AE26CC1}.Release R25|x86.ActiveCfg = Debug|Any CPU
		{C5EE326F-4A51-4F6F-9646-95E10AE26CC1}.Release R26|Any CPU.ActiveCfg = Debug|Any CPU
		{C5EE326F-4A51-4F6F-9646-95E10AE26CC1}.Release R26|Any CPU.Build.0 = Debug|Any CPU
		{C5EE326F-4A51-4F6F-9646-95E10AE26CC1}.Release R26|x64.ActiveCfg = Debug|Any CPU
		{C5EE326F-4A51-4F6F-9646-95E10AE26CC1}.Release R26|x86.ActiveCfg = Debug|Any CPU
		{C5EE326F-4A51-4F6F-9646-95E10AE26CC1}.Release R27|Any CPU.ActiveCfg = Debug|Any CPU
		{C5EE326F-4A51-4F6F-9646-95E10AE26CC1}.Release R27|Any CPU.Build.0 = Debug|Any CPU
		{C5EE326F-4A51-4F6F-9646-95E10AE26CC1}.Release R27|x64.ActiveCfg = Debug|Any CPU
		{C5EE326F-4A51-4F6F-9646-95E10AE26CC1}.Release R27|x86.ActiveCfg = Debug|Any CPU
		{C5EE326F-4A51-4F6F-9646-95E10AE26CC1}.Debug|Any CPU.ActiveCfg = Debug|Any CPU
		{C5EE326F-4A51-4F6F-9646-95E10AE26CC1}.Debug|Any CPU.Build.0 = Debug|Any CPU
		{C5EE326F-4A51-4F6F-9646-95E10AE26CC1}.Debug|x64.ActiveCfg = Debug|Any CPU
		{C5EE326F-4A51-4F6F-9646-95E10AE26CC1}.Debug|x86.ActiveCfg = Debug|Any CPU
		{C5EE326F-4A51-4F6F-9646-95E10AE26CC1}.Release|Any CPU.ActiveCfg = Release|Any CPU
		{C5EE326F-4A51-4F6F-9646-95E10AE26CC1}.Release|Any CPU.Build.0 = Release|Any CPU
		{C5EE326F-4A51-4F6F-9646-95E10AE26CC1}.Release|x64.ActiveCfg = Release|Any CPU
		{C5EE326F-4A51-4F6F-9646-95E10AE26CC1}.Release|x86.ActiveCfg = Release|Any CPU
	EndProject("{2150E333-8FDC-42A3-9474-1A3956D46DE8}") = "QuickMsiBuilder", "QuickMsiBuilder", "{85855745-9C5D-2CF8-170D-C467DDE3AA60}"
EndProject
EndProject
EndProject
Project("{2150E333-8FDC-42A3-9474-1A3956D46DE8}") = "QuickMsiBuilder", "QuickMsiBuilder", "{85855745-9C5D-2CF8-170D-C467DDE3AA60}"
EndProject
Project("{FAE04EC0-301F-11D3-BF4B-00C04F79EFBC}") = "QuickMsiBuilder.CLI", "QuickMsiBuilder\QuickMsiBuilder.CLI\QuickMsiBuilder.CLI.csproj", "{24AD6C09-1B63-4700-B337-ED660E96C655}"
EndProject
Project("{FAE04EC0-301F-11D3-BF4B-00C04F79EFBC}") = "QuickMsiBuilder.UI", "QuickMsiBuilder\QuickMsiBuilder.UI\QuickMsiBuilder.UI.csproj", "{C5EE326F-4A51-4F6F-9646-95E10AE26CC1}"
EndProject
Project("{2150E333-8FDC-42A3-9474-1A3956D46DE8}") = "QuickMsiBuilder", "QuickMsiBuilder", "{85855745-9C5D-2CF8-170D-C467DDE3AA60}"
EndProject
Project("{FAE04EC0-301F-11D3-BF4B-00C04F79EFBC}") = "QuickMsiBuilder.CLI", "QuickMsiBuilder\QuickMsiBuilder.CLI\QuickMsiBuilder.CLI.csproj", "{24AD6C09-1B63-4700-B337-ED660E96C655}"
EndProject
Project("{FAE04EC0-301F-11D3-BF4B-00C04F79EFBC}") = "QuickMsiBuilder.UI", "QuickMsiBuilder\QuickMsiBuilder.UI\QuickMsiBuilder.UI.csproj", "{C5EE326F-4A51-4F6F-9646-95E10AE26CC1}"
EndProject
GlobalSection
	Project("{2150E333-8FDC-42A3-9474-1A3956D46DE8}") = "QuickMsiBuilder", "QuickMsiBuilder", "{85855745-9C5D-2CF8-170D-C467DDE3AA60}"
EndProject
EndProject
EndProject
Project("{2150E333-8FDC-42A3-9474-1A3956D46DE8}") = "QuickMsiBuilder", "QuickMsiBuilder", "{85855745-9C5D-2CF8-170D-C467DDE3AA60}"
EndProject
Project("{FAE04EC0-301F-11D3-BF4B-00C04F79EFBC}") = "QuickMsiBuilder.CLI", "QuickMsiBuilder\QuickMsiBuilder.CLI\QuickMsiBuilder.CLI.csproj", "{24AD6C09-1B63-4700-B337-ED660E96C655}"
EndProject
Project("{FAE04EC0-301F-11D3-BF4B-00C04F79EFBC}") = "QuickMsiBuilder.UI", "QuickMsiBuilder\QuickMsiBuilder.UI\QuickMsiBuilder.UI.csproj", "{C5EE326F-4A51-4F6F-9646-95E10AE26CC1}"
EndProject
Project("{2150E333-8FDC-42A3-9474-1A3956D46DE8}") = "QuickMsiBuilder", "QuickMsiBuilder", "{85855745-9C5D-2CF8-170D-C467DDE3AA60}"
EndProject
Project("{FAE04EC0-301F-11D3-BF4B-00C04F79EFBC}") = "QuickMsiBuilder.CLI", "QuickMsiBuilder\QuickMsiBuilder.CLI\QuickMsiBuilder.CLI.csproj", "{24AD6C09-1B63-4700-B337-ED660E96C655}"
EndProject
Project("{FAE04EC0-301F-11D3-BF4B-00C04F79EFBC}") = "QuickMsiBuilder.UI", "QuickMsiBuilder\QuickMsiBuilder.UI\QuickMsiBuilder.UI.csproj", "{C5EE326F-4A51-4F6F-9646-95E10AE26CC1}"
EndProject
GlobalSection(SolutionProperties) = preSolution
		HideSolutionNode = FALSE
	EndProject("{2150E333-8FDC-42A3-9474-1A3956D46DE8}") = "QuickMsiBuilder", "QuickMsiBuilder", "{85855745-9C5D-2CF8-170D-C467DDE3AA60}"
EndProject
EndProject
EndProject
Project("{2150E333-8FDC-42A3-9474-1A3956D46DE8}") = "QuickMsiBuilder", "QuickMsiBuilder", "{85855745-9C5D-2CF8-170D-C467DDE3AA60}"
EndProject
Project("{FAE04EC0-301F-11D3-BF4B-00C04F79EFBC}") = "QuickMsiBuilder.CLI", "QuickMsiBuilder\QuickMsiBuilder.CLI\QuickMsiBuilder.CLI.csproj", "{24AD6C09-1B63-4700-B337-ED660E96C655}"
EndProject
Project("{FAE04EC0-301F-11D3-BF4B-00C04F79EFBC}") = "QuickMsiBuilder.UI", "QuickMsiBuilder\QuickMsiBuilder.UI\QuickMsiBuilder.UI.csproj", "{C5EE326F-4A51-4F6F-9646-95E10AE26CC1}"
EndProject
Project("{2150E333-8FDC-42A3-9474-1A3956D46DE8}") = "QuickMsiBuilder", "QuickMsiBuilder", "{85855745-9C5D-2CF8-170D-C467DDE3AA60}"
EndProject
Project("{FAE04EC0-301F-11D3-BF4B-00C04F79EFBC}") = "QuickMsiBuilder.CLI", "QuickMsiBuilder\QuickMsiBuilder.CLI\QuickMsiBuilder.CLI.csproj", "{24AD6C09-1B63-4700-B337-ED660E96C655}"
EndProject
Project("{FAE04EC0-301F-11D3-BF4B-00C04F79EFBC}") = "QuickMsiBuilder.UI", "QuickMsiBuilder\QuickMsiBuilder.UI\QuickMsiBuilder.UI.csproj", "{C5EE326F-4A51-4F6F-9646-95E10AE26CC1}"
EndProject
GlobalSection
	Project("{2150E333-8FDC-42A3-9474-1A3956D46DE8}") = "QuickMsiBuilder", "QuickMsiBuilder", "{85855745-9C5D-2CF8-170D-C467DDE3AA60}"
EndProject
EndProject
EndProject
Project("{2150E333-8FDC-42A3-9474-1A3956D46DE8}") = "QuickMsiBuilder", "QuickMsiBuilder", "{85855745-9C5D-2CF8-170D-C467DDE3AA60}"
EndProject
Project("{FAE04EC0-301F-11D3-BF4B-00C04F79EFBC}") = "QuickMsiBuilder.CLI", "QuickMsiBuilder\QuickMsiBuilder.CLI\QuickMsiBuilder.CLI.csproj", "{24AD6C09-1B63-4700-B337-ED660E96C655}"
EndProject
Project("{FAE04EC0-301F-11D3-BF4B-00C04F79EFBC}") = "QuickMsiBuilder.UI", "QuickMsiBuilder\QuickMsiBuilder.UI\QuickMsiBuilder.UI.csproj", "{C5EE326F-4A51-4F6F-9646-95E10AE26CC1}"
EndProject
Project("{2150E333-8FDC-42A3-9474-1A3956D46DE8}") = "QuickMsiBuilder", "QuickMsiBuilder", "{85855745-9C5D-2CF8-170D-C467DDE3AA60}"
EndProject
Project("{FAE04EC0-301F-11D3-BF4B-00C04F79EFBC}") = "QuickMsiBuilder.CLI", "QuickMsiBuilder\QuickMsiBuilder.CLI\QuickMsiBuilder.CLI.csproj", "{24AD6C09-1B63-4700-B337-ED660E96C655}"
EndProject
Project("{FAE04EC0-301F-11D3-BF4B-00C04F79EFBC}") = "QuickMsiBuilder.UI", "QuickMsiBuilder\QuickMsiBuilder.UI\QuickMsiBuilder.UI.csproj", "{C5EE326F-4A51-4F6F-9646-95E10AE26CC1}"
EndProject
GlobalSection(NestedProjects) = preSolution
		{24AD6C09-1B63-4700-B337-ED660E96C655} = {85855745-9C5D-2CF8-170D-C467DDE3AA60}
		{C5EE326F-4A51-4F6F-9646-95E10AE26CC1} = {85855745-9C5D-2CF8-170D-C467DDE3AA60}
		{24AD6C09-1B63-4700-B337-ED660E96C655} = {85855745-9C5D-2CF8-170D-C467DDE3AA60}
		{C5EE326F-4A51-4F6F-9646-95E10AE26CC1} = {85855745-9C5D-2CF8-170D-C467DDE3AA60}
	EndProject("{2150E333-8FDC-42A3-9474-1A3956D46DE8}") = "QuickMsiBuilder", "QuickMsiBuilder", "{85855745-9C5D-2CF8-170D-C467DDE3AA60}"
EndProject
EndProject
EndProject
Project("{2150E333-8FDC-42A3-9474-1A3956D46DE8}") = "QuickMsiBuilder", "QuickMsiBuilder", "{85855745-9C5D-2CF8-170D-C467DDE3AA60}"
EndProject
Project("{FAE04EC0-301F-11D3-BF4B-00C04F79EFBC}") = "QuickMsiBuilder.CLI", "QuickMsiBuilder\QuickMsiBuilder.CLI\QuickMsiBuilder.CLI.csproj", "{24AD6C09-1B63-4700-B337-ED660E96C655}"
EndProject
Project("{FAE04EC0-301F-11D3-BF4B-00C04F79EFBC}") = "QuickMsiBuilder.UI", "QuickMsiBuilder\QuickMsiBuilder.UI\QuickMsiBuilder.UI.csproj", "{C5EE326F-4A51-4F6F-9646-95E10AE26CC1}"
EndProject
Project("{2150E333-8FDC-42A3-9474-1A3956D46DE8}") = "QuickMsiBuilder", "QuickMsiBuilder", "{85855745-9C5D-2CF8-170D-C467DDE3AA60}"
EndProject
Project("{FAE04EC0-301F-11D3-BF4B-00C04F79EFBC}") = "QuickMsiBuilder.CLI", "QuickMsiBuilder\QuickMsiBuilder.CLI\QuickMsiBuilder.CLI.csproj", "{24AD6C09-1B63-4700-B337-ED660E96C655}"
EndProject
Project("{FAE04EC0-301F-11D3-BF4B-00C04F79EFBC}") = "QuickMsiBuilder.UI", "QuickMsiBuilder\QuickMsiBuilder.UI\QuickMsiBuilder.UI.csproj", "{C5EE326F-4A51-4F6F-9646-95E10AE26CC1}"
EndProject
GlobalSection
	Project("{2150E333-8FDC-42A3-9474-1A3956D46DE8}") = "QuickMsiBuilder", "QuickMsiBuilder", "{85855745-9C5D-2CF8-170D-C467DDE3AA60}"
EndProject
EndProject
EndProject
Project("{2150E333-8FDC-42A3-9474-1A3956D46DE8}") = "QuickMsiBuilder", "QuickMsiBuilder", "{85855745-9C5D-2CF8-170D-C467DDE3AA60}"
EndProject
Project("{FAE04EC0-301F-11D3-BF4B-00C04F79EFBC}") = "QuickMsiBuilder.CLI", "QuickMsiBuilder\QuickMsiBuilder.CLI\QuickMsiBuilder.CLI.csproj", "{24AD6C09-1B63-4700-B337-ED660E96C655}"
EndProject
Project("{FAE04EC0-301F-11D3-BF4B-00C04F79EFBC}") = "QuickMsiBuilder.UI", "QuickMsiBuilder\QuickMsiBuilder.UI\QuickMsiBuilder.UI.csproj", "{C5EE326F-4A51-4F6F-9646-95E10AE26CC1}"
EndProject
Project("{2150E333-8FDC-42A3-9474-1A3956D46DE8}") = "QuickMsiBuilder", "QuickMsiBuilder", "{85855745-9C5D-2CF8-170D-C467DDE3AA60}"
EndProject
Project("{FAE04EC0-301F-11D3-BF4B-00C04F79EFBC}") = "QuickMsiBuilder.CLI", "QuickMsiBuilder\QuickMsiBuilder.CLI\QuickMsiBuilder.CLI.csproj", "{24AD6C09-1B63-4700-B337-ED660E96C655}"
EndProject
Project("{FAE04EC0-301F-11D3-BF4B-00C04F79EFBC}") = "QuickMsiBuilder.UI", "QuickMsiBuilder\QuickMsiBuilder.UI\QuickMsiBuilder.UI.csproj", "{C5EE326F-4A51-4F6F-9646-95E10AE26CC1}"
EndProject
GlobalSection(ExtensibilityProject("{2150E333-8FDC-42A3-9474-1A3956D46DE8}") = "QuickMsiBuilder", "QuickMsiBuilder", "{85855745-9C5D-2CF8-170D-C467DDE3AA60}"
EndProject
EndProject
EndProject
Project("{2150E333-8FDC-42A3-9474-1A3956D46DE8}") = "QuickMsiBuilder", "QuickMsiBuilder", "{85855745-9C5D-2CF8-170D-C467DDE3AA60}"
EndProject
Project("{FAE04EC0-301F-11D3-BF4B-00C04F79EFBC}") = "QuickMsiBuilder.CLI", "QuickMsiBuilder\QuickMsiBuilder.CLI\QuickMsiBuilder.CLI.csproj", "{24AD6C09-1B63-4700-B337-ED660E96C655}"
EndProject
Project("{FAE04EC0-301F-11D3-BF4B-00C04F79EFBC}") = "QuickMsiBuilder.UI", "QuickMsiBuilder\QuickMsiBuilder.UI\QuickMsiBuilder.UI.csproj", "{C5EE326F-4A51-4F6F-9646-95E10AE26CC1}"
EndProject
Project("{2150E333-8FDC-42A3-9474-1A3956D46DE8}") = "QuickMsiBuilder", "QuickMsiBuilder", "{85855745-9C5D-2CF8-170D-C467DDE3AA60}"
EndProject
Project("{FAE04EC0-301F-11D3-BF4B-00C04F79EFBC}") = "QuickMsiBuilder.CLI", "QuickMsiBuilder\QuickMsiBuilder.CLI\QuickMsiBuilder.CLI.csproj", "{24AD6C09-1B63-4700-B337-ED660E96C655}"
EndProject
Project("{FAE04EC0-301F-11D3-BF4B-00C04F79EFBC}") = "QuickMsiBuilder.UI", "QuickMsiBuilder\QuickMsiBuilder.UI\QuickMsiBuilder.UI.csproj", "{C5EE326F-4A51-4F6F-9646-95E10AE26CC1}"
EndProject
Globals) = postSolution
		SolutionGuid = {643A390B-9A69-47FB-8488-8D418ECBD0FC}
	EndProject("{2150E333-8FDC-42A3-9474-1A3956D46DE8}") = "QuickMsiBuilder", "QuickMsiBuilder", "{85855745-9C5D-2CF8-170D-C467DDE3AA60}"
EndProject
EndProject
EndProject
Project("{2150E333-8FDC-42A3-9474-1A3956D46DE8}") = "QuickMsiBuilder", "QuickMsiBuilder", "{85855745-9C5D-2CF8-170D-C467DDE3AA60}"
EndProject
Project("{FAE04EC0-301F-11D3-BF4B-00C04F79EFBC}") = "QuickMsiBuilder.CLI", "QuickMsiBuilder\QuickMsiBuilder.CLI\QuickMsiBuilder.CLI.csproj", "{24AD6C09-1B63-4700-B337-ED660E96C655}"
EndProject
Project("{FAE04EC0-301F-11D3-BF4B-00C04F79EFBC}") = "QuickMsiBuilder.UI", "QuickMsiBuilder\QuickMsiBuilder.UI\QuickMsiBuilder.UI.csproj", "{C5EE326F-4A51-4F6F-9646-95E10AE26CC1}"
EndProject
Project("{2150E333-8FDC-42A3-9474-1A3956D46DE8}") = "QuickMsiBuilder", "QuickMsiBuilder", "{85855745-9C5D-2CF8-170D-C467DDE3AA60}"
EndProject
Project("{FAE04EC0-301F-11D3-BF4B-00C04F79EFBC}") = "QuickMsiBuilder.CLI", "QuickMsiBuilder\QuickMsiBuilder.CLI\QuickMsiBuilder.CLI.csproj", "{24AD6C09-1B63-4700-B337-ED660E96C655}"
EndProject
Project("{FAE04EC0-301F-11D3-BF4B-00C04F79EFBC}") = "QuickMsiBuilder.UI", "QuickMsiBuilder\QuickMsiBuilder.UI\QuickMsiBuilder.UI.csproj", "{C5EE326F-4A51-4F6F-9646-95E10AE26CC1}"
EndProject
GlobalSection
EndProject("{2150E333-8FDC-42A3-9474-1A3956D46DE8}") = "QuickMsiBuilder", "QuickMsiBuilder", "{85855745-9C5D-2CF8-170D-C467DDE3AA60}"
EndProject
EndProject
EndProject
Project("{2150E333-8FDC-42A3-9474-1A3956D46DE8}") = "QuickMsiBuilder", "QuickMsiBuilder", "{85855745-9C5D-2CF8-170D-C467DDE3AA60}"
EndProject
Project("{FAE04EC0-301F-11D3-BF4B-00C04F79EFBC}") = "QuickMsiBuilder.CLI", "QuickMsiBuilder\QuickMsiBuilder.CLI\QuickMsiBuilder.CLI.csproj", "{24AD6C09-1B63-4700-B337-ED660E96C655}"
EndProject
Project("{FAE04EC0-301F-11D3-BF4B-00C04F79EFBC}") = "QuickMsiBuilder.UI", "QuickMsiBuilder\QuickMsiBuilder.UI\QuickMsiBuilder.UI.csproj", "{C5EE326F-4A51-4F6F-9646-95E10AE26CC1}"
EndProject
Project("{2150E333-8FDC-42A3-9474-1A3956D46DE8}") = "QuickMsiBuilder", "QuickMsiBuilder", "{85855745-9C5D-2CF8-170D-C467DDE3AA60}"
EndProject
Project("{FAE04EC0-301F-11D3-BF4B-00C04F79EFBC}") = "QuickMsiBuilder.CLI", "QuickMsiBuilder\QuickMsiBuilder.CLI\QuickMsiBuilder.CLI.csproj", "{24AD6C09-1B63-4700-B337-ED660E96C655}"
EndProject
Project("{FAE04EC0-301F-11D3-BF4B-00C04F79EFBC}") = "QuickMsiBuilder.UI", "QuickMsiBuilder\QuickMsiBuilder.UI\QuickMsiBuilder.UI.csproj", "{C5EE326F-4A51-4F6F-9646-95E10AE26CC1}"
EndProject
Global
