
Microsoft Visual Studio Solution File, Format Version 12.00
# Visual Studio Version 17
VisualStudioVersion = 17.1.32104.313
MinimumVisualStudioVersion = 10.0.40219.1
Project("{2150E333-8FDC-42A3-9474-1A3956D46DE8}") = "Project", "Project", "{A8C653F0-9815-4238-A744-600D90EB1DD5}"
	ProjectSection(SolutionItems) = preProject
		CHANGELOG.md = CHANGELOG.md
		Readme.MD = Readme.MD
		.github\workflows\Workflow.yml = .github\workflows\Workflow.yml
	EndProjectSection
EndProject
Project("{9A19103F-16F7-4668-BE54-9A1E7A4F7556}") = "RevitAddinManager", "AddInManager\RevitAddinManager.csproj", "{C872CDA2-93F5-4681-BD2F-207EACF83D2E}"
EndProject
Project("{9A19103F-16F7-4668-BE54-9A1E7A4F7556}") = "Installer", "Installer\Installer.csproj", "{E3C87D34-638C-47A0-A73A-D967B119458D}"
EndProject
Project("{9A19103F-16F7-4668-BE54-9A1E7A4F7556}") = "Build", "Build\Build.csproj", "{5016ED6D-5A9A-4F59-AE49-CAA9615798F7}"
EndProject
Project("{9A19103F-16F7-4668-BE54-9A1E7A4F7556}") = "Test", "Test\Test.csproj", "{1661572C-EF3A-4DD6-83BD-CB4239CE8CDD}"
EndProject
Project("{FAE04EC0-301F-11D3-BF4B-00C04F79EFBC}") = "RevitElementBipChecker", "RevitElementBipChecker\RevitElementBipChecker.csproj", "{21460D85-C4AD-49D5-963F-CF13C4AE99EB}"
EndProject
Project("{FAE04EC0-301F-11D3-BF4B-00C04F79EFBC}") = "Test2", "Test2\Test2.csproj", "{DA609427-F086-4C79-A5FA-202DBB5DE48D}"
EndProject
Project("{2150E333-8FDC-42A3-9474-1A3956D46DE8}") = "QuickMsiBuilder", "QuickMsiBuilder", "{85855745-9C5D-2CF8-170D-C467DDE3AA60}"
EndProject
Project("{FAE04EC0-301F-11D3-BF4B-00C04F79EFBC}") = "QuickMsiBuilder.CLI", "QuickMsiBuilder\QuickMsiBuilder.CLI\QuickMsiBuilder.CLI.csproj", "{91EBC7C9-26DF-4CD1-AC2A-4188D7D18755}"
EndProject
Project("{FAE04EC0-301F-11D3-BF4B-00C04F79EFBC}") = "QuickMsiBuilder.UI", "QuickMsiBuilder\QuickMsiBuilder.UI\QuickMsiBuilder.UI.csproj", "{ADB24697-9766-4EEC-82AE-BBE2383932C4}"
EndProject
Global
	GlobalSection(SolutionConfigurationPlatforms) = preSolution
		Debug|Any CPU = Debug|Any CPU
		Debug|x64 = Debug|x64
		Debug|x86 = Debug|x86
		Release|Any CPU = Release|Any CPU
		Release|x64 = Release|x64
		Release|x86 = Release|x86
	EndGlobalSection
	GlobalSection(ProjectConfigurationPlatforms) = postSolution
		{C872CDA2-93F5-4681-BD2F-207EACF83D2E}.Debug|Any CPU.ActiveCfg = Debug|Any CPU
		{C872CDA2-93F5-4681-BD2F-207EACF83D2E}.Debug|Any CPU.Build.0 = Debug|Any CPU
		{C872CDA2-93F5-4681-BD2F-207EACF83D2E}.Debug|x64.ActiveCfg = Debug|Any CPU
		{C872CDA2-93F5-4681-BD2F-207EACF83D2E}.Debug|x64.Build.0 = Debug|Any CPU
		{C872CDA2-93F5-4681-BD2F-207EACF83D2E}.Debug|x86.ActiveCfg = Debug|Any CPU
		{C872CDA2-93F5-4681-BD2F-207EACF83D2E}.Debug|x86.Build.0 = Debug|Any CPU
		{C872CDA2-93F5-4681-BD2F-207EACF83D2E}.Release|Any CPU.ActiveCfg = Release|Any CPU
		{C872CDA2-93F5-4681-BD2F-207EACF83D2E}.Release|Any CPU.Build.0 = Release|Any CPU
		{C872CDA2-93F5-4681-BD2F-207EACF83D2E}.Release|x64.ActiveCfg = Release|Any CPU
		{C872CDA2-93F5-4681-BD2F-207EACF83D2E}.Release|x64.Build.0 = Release|Any CPU
		{C872CDA2-93F5-4681-BD2F-207EACF83D2E}.Release|x86.ActiveCfg = Release|Any CPU
		{C872CDA2-93F5-4681-BD2F-207EACF83D2E}.Release|x86.Build.0 = Release|Any CPU
		{E3C87D34-638C-47A0-A73A-D967B119458D}.Debug|Any CPU.ActiveCfg = Debug|Any CPU
		{E3C87D34-638C-47A0-A73A-D967B119458D}.Debug|Any CPU.Build.0 = Debug|Any CPU
		{E3C87D34-638C-47A0-A73A-D967B119458D}.Debug|x64.ActiveCfg = Debug|Any CPU
		{E3C87D34-638C-47A0-A73A-D967B119458D}.Debug|x64.Build.0 = Debug|Any CPU
		{E3C87D34-638C-47A0-A73A-D967B119458D}.Debug|x86.ActiveCfg = Debug|Any CPU
		{E3C87D34-638C-47A0-A73A-D967B119458D}.Debug|x86.Build.0 = Debug|Any CPU
		{E3C87D34-638C-47A0-A73A-D967B119458D}.Release|Any CPU.ActiveCfg = Release|Any CPU
		{E3C87D34-638C-47A0-A73A-D967B119458D}.Release|Any CPU.Build.0 = Release|Any CPU
		{E3C87D34-638C-47A0-A73A-D967B119458D}.Release|x64.ActiveCfg = Release|Any CPU
		{E3C87D34-638C-47A0-A73A-D967B119458D}.Release|x64.Build.0 = Release|Any CPU
		{E3C87D34-638C-47A0-A73A-D967B119458D}.Release|x86.ActiveCfg = Release|Any CPU
		{E3C87D34-638C-47A0-A73A-D967B119458D}.Release|x86.Build.0 = Release|Any CPU
		{5016ED6D-5A9A-4F59-AE49-CAA9615798F7}.Debug|Any CPU.ActiveCfg = Debug|Any CPU
		{5016ED6D-5A9A-4F59-AE49-CAA9615798F7}.Debug|Any CPU.Build.0 = Debug|Any CPU
		{5016ED6D-5A9A-4F59-AE49-CAA9615798F7}.Debug|x64.ActiveCfg = Debug|Any CPU
		{5016ED6D-5A9A-4F59-AE49-CAA9615798F7}.Debug|x64.Build.0 = Debug|Any CPU
		{5016ED6D-5A9A-4F59-AE49-CAA9615798F7}.Debug|x86.ActiveCfg = Debug|Any CPU
		{5016ED6D-5A9A-4F59-AE49-CAA9615798F7}.Debug|x86.Build.0 = Debug|Any CPU
		{5016ED6D-5A9A-4F59-AE49-CAA9615798F7}.Release|Any CPU.ActiveCfg = Release|Any CPU
		{5016ED6D-5A9A-4F59-AE49-CAA9615798F7}.Release|Any CPU.Build.0 = Release|Any CPU
		{5016ED6D-5A9A-4F59-AE49-CAA9615798F7}.Release|x64.ActiveCfg = Release|Any CPU
		{5016ED6D-5A9A-4F59-AE49-CAA9615798F7}.Release|x64.Build.0 = Release|Any CPU
		{5016ED6D-5A9A-4F59-AE49-CAA9615798F7}.Release|x86.ActiveCfg = Release|Any CPU
		{5016ED6D-5A9A-4F59-AE49-CAA9615798F7}.Release|x86.Build.0 = Release|Any CPU
		{1661572C-EF3A-4DD6-83BD-CB4239CE8CDD}.Debug|Any CPU.ActiveCfg = Debug|Any CPU
		{1661572C-EF3A-4DD6-83BD-CB4239CE8CDD}.Debug|Any CPU.Build.0 = Debug|Any CPU
		{1661572C-EF3A-4DD6-83BD-CB4239CE8CDD}.Debug|x64.ActiveCfg = Debug|Any CPU
		{1661572C-EF3A-4DD6-83BD-CB4239CE8CDD}.Debug|x64.Build.0 = Debug|Any CPU
		{1661572C-EF3A-4DD6-83BD-CB4239CE8CDD}.Debug|x86.ActiveCfg = Debug|Any CPU
		{1661572C-EF3A-4DD6-83BD-CB4239CE8CDD}.Debug|x86.Build.0 = Debug|Any CPU
		{1661572C-EF3A-4DD6-83BD-CB4239CE8CDD}.Release|Any CPU.ActiveCfg = Release|Any CPU
		{1661572C-EF3A-4DD6-83BD-CB4239CE8CDD}.Release|Any CPU.Build.0 = Release|Any CPU
		{1661572C-EF3A-4DD6-83BD-CB4239CE8CDD}.Release|x64.ActiveCfg = Release|Any CPU
		{1661572C-EF3A-4DD6-83BD-CB4239CE8CDD}.Release|x64.Build.0 = Release|Any CPU
		{1661572C-EF3A-4DD6-83BD-CB4239CE8CDD}.Release|x86.ActiveCfg = Release|Any CPU
		{1661572C-EF3A-4DD6-83BD-CB4239CE8CDD}.Release|x86.Build.0 = Release|Any CPU
		{21460D85-C4AD-49D5-963F-CF13C4AE99EB}.Debug|Any CPU.ActiveCfg = Debug|Any CPU
		{21460D85-C4AD-49D5-963F-CF13C4AE99EB}.Debug|Any CPU.Build.0 = Debug|Any CPU
		{21460D85-C4AD-49D5-963F-CF13C4AE99EB}.Debug|x64.ActiveCfg = Debug|Any CPU
		{21460D85-C4AD-49D5-963F-CF13C4AE99EB}.Debug|x64.Build.0 = Debug|Any CPU
		{21460D85-C4AD-49D5-963F-CF13C4AE99EB}.Debug|x86.ActiveCfg = Debug|Any CPU
		{21460D85-C4AD-49D5-963F-CF13C4AE99EB}.Debug|x86.Build.0 = Debug|Any CPU
		{21460D85-C4AD-49D5-963F-CF13C4AE99EB}.Release|Any CPU.ActiveCfg = Release|Any CPU
		{21460D85-C4AD-49D5-963F-CF13C4AE99EB}.Release|Any CPU.Build.0 = Release|Any CPU
		{21460D85-C4AD-49D5-963F-CF13C4AE99EB}.Release|x64.ActiveCfg = Release|Any CPU
		{21460D85-C4AD-49D5-963F-CF13C4AE99EB}.Release|x64.Build.0 = Release|Any CPU
		{21460D85-C4AD-49D5-963F-CF13C4AE99EB}.Release|x86.ActiveCfg = Release|Any CPU
		{21460D85-C4AD-49D5-963F-CF13C4AE99EB}.Release|x86.Build.0 = Release|Any CPU
		{DA609427-F086-4C79-A5FA-202DBB5DE48D}.Debug|Any CPU.ActiveCfg = Debug|Any CPU
		{DA609427-F086-4C79-A5FA-202DBB5DE48D}.Debug|Any CPU.Build.0 = Debug|Any CPU
		{DA609427-F086-4C79-A5FA-202DBB5DE48D}.Debug|x64.ActiveCfg = Debug|Any CPU
		{DA609427-F086-4C79-A5FA-202DBB5DE48D}.Debug|x64.Build.0 = Debug|Any CPU
		{DA609427-F086-4C79-A5FA-202DBB5DE48D}.Debug|x86.ActiveCfg = Debug|Any CPU
		{DA609427-F086-4C79-A5FA-202DBB5DE48D}.Debug|x86.Build.0 = Debug|Any CPU
		{DA609427-F086-4C79-A5FA-202DBB5DE48D}.Release|Any CPU.ActiveCfg = Release|Any CPU
		{DA609427-F086-4C79-A5FA-202DBB5DE48D}.Release|Any CPU.Build.0 = Release|Any CPU
		{DA609427-F086-4C79-A5FA-202DBB5DE48D}.Release|x64.ActiveCfg = Release|Any CPU
		{DA609427-F086-4C79-A5FA-202DBB5DE48D}.Release|x64.Build.0 = Release|Any CPU
		{DA609427-F086-4C79-A5FA-202DBB5DE48D}.Release|x86.ActiveCfg = Release|Any CPU
		{DA609427-F086-4C79-A5FA-202DBB5DE48D}.Release|x86.Build.0 = Release|Any CPU
		{91EBC7C9-26DF-4CD1-AC2A-4188D7D18755}.Debug|Any CPU.ActiveCfg = Debug|Any CPU
		{91EBC7C9-26DF-4CD1-AC2A-4188D7D18755}.Debug|Any CPU.Build.0 = Debug|Any CPU
		{91EBC7C9-26DF-4CD1-AC2A-4188D7D18755}.Debug|x64.ActiveCfg = Debug|Any CPU
		{91EBC7C9-26DF-4CD1-AC2A-4188D7D18755}.Debug|x64.Build.0 = Debug|Any CPU
		{91EBC7C9-26DF-4CD1-AC2A-4188D7D18755}.Debug|x86.ActiveCfg = Debug|Any CPU
		{91EBC7C9-26DF-4CD1-AC2A-4188D7D18755}.Debug|x86.Build.0 = Debug|Any CPU
		{91EBC7C9-26DF-4CD1-AC2A-4188D7D18755}.Release|Any CPU.ActiveCfg = Release|Any CPU
		{91EBC7C9-26DF-4CD1-AC2A-4188D7D18755}.Release|Any CPU.Build.0 = Release|Any CPU
		{91EBC7C9-26DF-4CD1-AC2A-4188D7D18755}.Release|x64.ActiveCfg = Release|Any CPU
		{91EBC7C9-26DF-4CD1-AC2A-4188D7D18755}.Release|x64.Build.0 = Release|Any CPU
		{91EBC7C9-26DF-4CD1-AC2A-4188D7D18755}.Release|x86.ActiveCfg = Release|Any CPU
		{91EBC7C9-26DF-4CD1-AC2A-4188D7D18755}.Release|x86.Build.0 = Release|Any CPU
		{ADB24697-9766-4EEC-82AE-BBE2383932C4}.Debug|Any CPU.ActiveCfg = Debug|Any CPU
		{ADB24697-9766-4EEC-82AE-BBE2383932C4}.Debug|Any CPU.Build.0 = Debug|Any CPU
		{ADB24697-9766-4EEC-82AE-BBE2383932C4}.Debug|x64.ActiveCfg = Debug|Any CPU
		{ADB24697-9766-4EEC-82AE-BBE2383932C4}.Debug|x64.Build.0 = Debug|Any CPU
		{ADB24697-9766-4EEC-82AE-BBE2383932C4}.Debug|x86.ActiveCfg = Debug|Any CPU
		{ADB24697-9766-4EEC-82AE-BBE2383932C4}.Debug|x86.Build.0 = Debug|Any CPU
		{ADB24697-9766-4EEC-82AE-BBE2383932C4}.Release|Any CPU.ActiveCfg = Release|Any CPU
		{ADB24697-9766-4EEC-82AE-BBE2383932C4}.Release|Any CPU.Build.0 = Release|Any CPU
		{ADB24697-9766-4EEC-82AE-BBE2383932C4}.Release|x64.ActiveCfg = Release|Any CPU
		{ADB24697-9766-4EEC-82AE-BBE2383932C4}.Release|x64.Build.0 = Release|Any CPU
		{ADB24697-9766-4EEC-82AE-BBE2383932C4}.Release|x86.ActiveCfg = Release|Any CPU
		{ADB24697-9766-4EEC-82AE-BBE2383932C4}.Release|x86.Build.0 = Release|Any CPU
	EndGlobalSection
	GlobalSection(SolutionProperties) = preSolution
		HideSolutionNode = FALSE
	EndGlobalSection
	GlobalSection(NestedProjects) = preSolution
		{91EBC7C9-26DF-4CD1-AC2A-4188D7D18755} = {85855745-9C5D-2CF8-170D-C467DDE3AA60}
		{ADB24697-9766-4EEC-82AE-BBE2383932C4} = {85855745-9C5D-2CF8-170D-C467DDE3AA60}
	EndGlobalSection
EndGlobal
